// !$*UTF8*$!
{
	archiveVersion = 1;
	classes = {
	};
	objectVersion = 56;
	objects = {

/* Begin PBXBuildFile section */
		6C39E14B2C226B3400B83BBD /* FirebaseAuth in Frameworks */ = {isa = PBXBuildFile; productRef = 6C39E14A2C226B3400B83BBD /* FirebaseAuth */; };
		6C39E14D2C226B3400B83BBD /* FirebaseFirestore in Frameworks */ = {isa = PBXBuildFile; productRef = 6C39E14C2C226B3400B83BBD /* FirebaseFirestore */; };
		6C39E14F2C226B3400B83BBD /* FirebaseFirestoreSwift in Frameworks */ = {isa = PBXBuildFile; productRef = 6C39E14E2C226B3400B83BBD /* FirebaseFirestoreSwift */; };
		6C39E1512C226B3400B83BBD /* FirebaseStorage in Frameworks */ = {isa = PBXBuildFile; productRef = 6C39E1502C226B3400B83BBD /* FirebaseStorage */; };
		6C39E1542C226D4800B83BBD /* SigninView.swift in Sources */ = {isa = PBXBuildFile; fileRef = 6C39E1532C226D4800B83BBD /* SigninView.swift */; };
		6C39E1582C2273E500B83BBD /* AuthModel.swift in Sources */ = {isa = PBXBuildFile; fileRef = 6C39E1572C2273E500B83BBD /* AuthModel.swift */; };
		6C39E15D2C227C9300B83BBD /* SignupView.swift in Sources */ = {isa = PBXBuildFile; fileRef = 6C39E15C2C227C9300B83BBD /* SignupView.swift */; };
		6C39E1602C227E8D00B83BBD /* User.swift in Sources */ = {isa = PBXBuildFile; fileRef = 6C39E15F2C227E8D00B83BBD /* User.swift */; };
		6C95A5282C24809D0098ECAC /* FavoritesView.swift in Sources */ = {isa = PBXBuildFile; fileRef = 6C95A5272C24809D0098ECAC /* FavoritesView.swift */; };
		6C95A52C2C2480E00098ECAC /* FavoritesModel.swift in Sources */ = {isa = PBXBuildFile; fileRef = 6C95A52B2C2480E00098ECAC /* FavoritesModel.swift */; };
		6C95A52E2C248BEA0098ECAC /* Favorites.swift in Sources */ = {isa = PBXBuildFile; fileRef = 6C95A52D2C248BEA0098ECAC /* Favorites.swift */; };
		6CAB273E2C29BCDC00122C3E /* ShimmeringView.swift in Sources */ = {isa = PBXBuildFile; fileRef = 6CAB273D2C29BCDC00122C3E /* ShimmeringView.swift */; };
		6CAB27472C2A319900122C3E /* ProfileViewModel.swift in Sources */ = {isa = PBXBuildFile; fileRef = 6CAB27462C2A319900122C3E /* ProfileViewModel.swift */; };
		6CAB27492C2A381300122C3E /* Country.swift in Sources */ = {isa = PBXBuildFile; fileRef = 6CAB27482C2A381300122C3E /* Country.swift */; };
		6CAB274B2C2A38C000122C3E /* Currency.swift in Sources */ = {isa = PBXBuildFile; fileRef = 6CAB274A2C2A38C000122C3E /* Currency.swift */; };
		6CAB274D2C2A504E00122C3E /* ProfileView.swift in Sources */ = {isa = PBXBuildFile; fileRef = 6CAB274C2C2A504E00122C3E /* ProfileView.swift */; };
		6CC6B4C52C23709600B34008 /* GoogleSignIn in Frameworks */ = {isa = PBXBuildFile; productRef = 6CC6B4C42C23709600B34008 /* GoogleSignIn */; };
		6CC6B4C72C23709600B34008 /* GoogleSignInSwift in Frameworks */ = {isa = PBXBuildFile; productRef = 6CC6B4C62C23709600B34008 /* GoogleSignInSwift */; };
		6CC6B4C92C2372CC00B34008 /* GoogleService-Info.plist in Resources */ = {isa = PBXBuildFile; fileRef = 6CC6B4C82C2372CC00B34008 /* GoogleService-Info.plist */; };
		6CC6B4CC2C237BD400B34008 /* Utilities.swift in Sources */ = {isa = PBXBuildFile; fileRef = 6CC6B4CB2C237BD400B34008 /* Utilities.swift */; };
		6CC6B4CE2C23B4A900B34008 /* beach.json in Resources */ = {isa = PBXBuildFile; fileRef = 6CC6B4CD2C23B4A900B34008 /* beach.json */; };
		B41A9F622C2B6D4400C8F1E3 /* Listing.swift in Sources */ = {isa = PBXBuildFile; fileRef = B41A9F612C2B6D4400C8F1E3 /* Listing.swift */; };
		B41A9F642C2B6D7D00C8F1E3 /* ListingDetailView.swift in Sources */ = {isa = PBXBuildFile; fileRef = B41A9F632C2B6D7D00C8F1E3 /* ListingDetailView.swift */; };
		B41A9F682C2B6DB600C8F1E3 /* CompactListingView.swift in Sources */ = {isa = PBXBuildFile; fileRef = B41A9F672C2B6DB600C8F1E3 /* CompactListingView.swift */; };
		B41A9F6A2C2B6E0F00C8F1E3 /* MockExploreService.swift in Sources */ = {isa = PBXBuildFile; fileRef = B41A9F692C2B6E0F00C8F1E3 /* MockExploreService.swift */; };
		B41A9F6C2C2B6E3E00C8F1E3 /* ExploreService.swift in Sources */ = {isa = PBXBuildFile; fileRef = B41A9F6B2C2B6E3E00C8F1E3 /* ExploreService.swift */; };
		B41A9F6E2C2B6E5E00C8F1E3 /* SearchAndFilterBar.swift in Sources */ = {isa = PBXBuildFile; fileRef = B41A9F6D2C2B6E5E00C8F1E3 /* SearchAndFilterBar.swift */; };
		B41A9F702C2B6E8B00C8F1E3 /* LoadingView.swift in Sources */ = {isa = PBXBuildFile; fileRef = B41A9F6F2C2B6E8B00C8F1E3 /* LoadingView.swift */; };
		B41A9F722C2B6EA700C8F1E3 /* DestinationSearchView.swift in Sources */ = {isa = PBXBuildFile; fileRef = B41A9F712C2B6EA700C8F1E3 /* DestinationSearchView.swift */; };
		B41A9F742C2B6EBE00C8F1E3 /* ExploreView.swift in Sources */ = {isa = PBXBuildFile; fileRef = B41A9F732C2B6EBE00C8F1E3 /* ExploreView.swift */; };
		B41A9F782C2B6F2300C8F1E3 /* ExploreViewModel.swift in Sources */ = {isa = PBXBuildFile; fileRef = B41A9F772C2B6F2300C8F1E3 /* ExploreViewModel.swift */; };
		B43E786E2C2EA4F5009D5233 /* BookingSymbols.swift in Sources */ = {isa = PBXBuildFile; fileRef = B43E786D2C2EA4F5009D5233 /* BookingSymbols.swift */; };
		B482FAAE2C2B823E00D6A0E2 /* HomeView.swift in Sources */ = {isa = PBXBuildFile; fileRef = B482FAAD2C2B823E00D6A0E2 /* HomeView.swift */; };
		B482FAB02C2B8B1400D6A0E2 /* CardViewBig.swift in Sources */ = {isa = PBXBuildFile; fileRef = B482FAAF2C2B8B1400D6A0E2 /* CardViewBig.swift */; };
		B482FAB22C2C0A4900D6A0E2 /* CardViewSmall.swift in Sources */ = {isa = PBXBuildFile; fileRef = B482FAB12C2C0A4900D6A0E2 /* CardViewSmall.swift */; };
		B482FAB62C2C14AC00D6A0E2 /* HomeViewModel.swift in Sources */ = {isa = PBXBuildFile; fileRef = B482FAB52C2C14AC00D6A0E2 /* HomeViewModel.swift */; };
		B4F722942C2D72E700D40AAB /* CalendarView.swift in Sources */ = {isa = PBXBuildFile; fileRef = B4F722932C2D72E700D40AAB /* CalendarView.swift */; };
		B4F722962C2D91FA00D40AAB /* loading.json in Resources */ = {isa = PBXBuildFile; fileRef = B4F722952C2D91FA00D40AAB /* loading.json */; };
		B4F722982C2D924B00D40AAB /* FilterView.swift in Sources */ = {isa = PBXBuildFile; fileRef = B4F722972C2D924B00D40AAB /* FilterView.swift */; };
		B4F7229E2C2DA67100D40AAB /* AddFilterView.swift in Sources */ = {isa = PBXBuildFile; fileRef = B4F7229D2C2DA67100D40AAB /* AddFilterView.swift */; };
		FF082CFD2C206D1D00055F9A /* RiveRuntime in Frameworks */ = {isa = PBXBuildFile; productRef = FF082CFC2C206D1D00055F9A /* RiveRuntime */; };
		FF620DFF2C2ACF7B006371DF /* ShimmeringViewDetail.swift in Sources */ = {isa = PBXBuildFile; fileRef = FF620DFE2C2ACF7B006371DF /* ShimmeringViewDetail.swift */; };
		FF620E032C2ACF86006371DF /* ExploreDetailService.swift in Sources */ = {isa = PBXBuildFile; fileRef = FF620E022C2ACF86006371DF /* ExploreDetailService.swift */; };
		FF620E052C2ACF90006371DF /* ListingItemView.swift in Sources */ = {isa = PBXBuildFile; fileRef = FF620E042C2ACF90006371DF /* ListingItemView.swift */; };
		FF620E0F2C2ACFBC006371DF /* PriceChartView.swift in Sources */ = {isa = PBXBuildFile; fileRef = FF620E0E2C2ACFBC006371DF /* PriceChartView.swift */; };
		FF620E202C2B02A0006371DF /* SwiftUICharts in Frameworks */ = {isa = PBXBuildFile; productRef = FF620E1F2C2B02A0006371DF /* SwiftUICharts */; };
		FF7AAFA12C20E6640080E20F /* welcomeButton.riv in Resources */ = {isa = PBXBuildFile; fileRef = FF7AAFA02C20E6640080E20F /* welcomeButton.riv */; };
		FF7AAFA82C21699A0080E20F /* Inter-Regular.ttf in Resources */ = {isa = PBXBuildFile; fileRef = FF7AAFA42C21699A0080E20F /* Inter-Regular.ttf */; };
		FF7AAFA92C21699A0080E20F /* Inter-SemiBold.ttf in Resources */ = {isa = PBXBuildFile; fileRef = FF7AAFA52C21699A0080E20F /* Inter-SemiBold.ttf */; };
		FF7AAFAA2C21699A0080E20F /* Poppins-Bold.ttf in Resources */ = {isa = PBXBuildFile; fileRef = FF7AAFA62C21699A0080E20F /* Poppins-Bold.ttf */; };
		FF7AAFAE2C2170D00080E20F /* logo.svg in Resources */ = {isa = PBXBuildFile; fileRef = FF7AAFAC2C2170C70080E20F /* logo.svg */; };
		FF7AAFB42C2176320080E20F /* TT-Regular.ttf in Resources */ = {isa = PBXBuildFile; fileRef = FF7AAFB32C2176320080E20F /* TT-Regular.ttf */; };
		FF7AAFB62C2176BC0080E20F /* TT-SemiBold.ttf in Resources */ = {isa = PBXBuildFile; fileRef = FF7AAFB52C2176BC0080E20F /* TT-SemiBold.ttf */; };
		FF7AAFB82C2177B60080E20F /* TT Hoves Pro Trial Bold.ttf in Resources */ = {isa = PBXBuildFile; fileRef = FF7AAFB72C2177B60080E20F /* TT Hoves Pro Trial Bold.ttf */; };
		FF7AAFC22C218CD60080E20F /* pag1.riv in Resources */ = {isa = PBXBuildFile; fileRef = FF7AAFC12C218CD60080E20F /* pag1.riv */; };
		FF7AAFC42C21C9580080E20F /* WelcomeView2.swift in Sources */ = {isa = PBXBuildFile; fileRef = FF7AAFC32C21C9580080E20F /* WelcomeView2.swift */; };
		FF7AAFC72C21CF7C0080E20F /* Lottie in Frameworks */ = {isa = PBXBuildFile; productRef = FF7AAFC62C21CF7C0080E20F /* Lottie */; };
		FF7AAFCD2C21D4260080E20F /* beach.lottie in Resources */ = {isa = PBXBuildFile; fileRef = FF7AAFCC2C21D4260080E20F /* beach.lottie */; };
		FF8ABCE92C22C3D100E57A80 /* SplashScreenView.swift in Sources */ = {isa = PBXBuildFile; fileRef = FF8ABCE82C22C3D100E57A80 /* SplashScreenView.swift */; };
		FF8ABCEB2C22C3F100E57A80 /* introSplash.riv in Resources */ = {isa = PBXBuildFile; fileRef = FF8ABCEA2C22C3F100E57A80 /* introSplash.riv */; };
		FF92C1BE2C27335400D2CA45 /* CustomNavBar.swift in Sources */ = {isa = PBXBuildFile; fileRef = FF92C1B32C27335400D2CA45 /* CustomNavBar.swift */; };
		FF92C1BF2C27335400D2CA45 /* TestNavBarView.swift in Sources */ = {isa = PBXBuildFile; fileRef = FF92C1B42C27335400D2CA45 /* TestNavBarView.swift */; };
		FF92C1C02C27335400D2CA45 /* ContainerTabBarView.swift in Sources */ = {isa = PBXBuildFile; fileRef = FF92C1B62C27335400D2CA45 /* ContainerTabBarView.swift */; };
		FF92C1C12C27335400D2CA45 /* TabBarItem.swift in Sources */ = {isa = PBXBuildFile; fileRef = FF92C1B72C27335400D2CA45 /* TabBarItem.swift */; };
		FF92C1C22C27335400D2CA45 /* TabBarItemsPreferenceKey.swift in Sources */ = {isa = PBXBuildFile; fileRef = FF92C1B82C27335400D2CA45 /* TabBarItemsPreferenceKey.swift */; };
		FF92C1C32C27335400D2CA45 /* TabBarView.swift in Sources */ = {isa = PBXBuildFile; fileRef = FF92C1B92C27335400D2CA45 /* TabBarView.swift */; };
		FF92C1C42C27335400D2CA45 /* ListingImageCarouseView.swift in Sources */ = {isa = PBXBuildFile; fileRef = FF92C1BB2C27335400D2CA45 /* ListingImageCarouseView.swift */; };
		FF92C1C52C27335400D2CA45 /* TabBarComponent.swift in Sources */ = {isa = PBXBuildFile; fileRef = FF92C1BC2C27335400D2CA45 /* TabBarComponent.swift */; };
		FF932EF42C20D92300613637 /* WelcomeView1.swift in Sources */ = {isa = PBXBuildFile; fileRef = FF932EF32C20D92300613637 /* WelcomeView1.swift */; };
		FFDCD33C2C1F554300E2142A /* WhoolidayApp.swift in Sources */ = {isa = PBXBuildFile; fileRef = FFDCD33B2C1F554300E2142A /* WhoolidayApp.swift */; };
		FFDCD3402C1F554500E2142A /* Assets.xcassets in Resources */ = {isa = PBXBuildFile; fileRef = FFDCD33F2C1F554500E2142A /* Assets.xcassets */; };
		FFDCD3432C1F554500E2142A /* Preview Assets.xcassets in Resources */ = {isa = PBXBuildFile; fileRef = FFDCD3422C1F554500E2142A /* Preview Assets.xcassets */; };
		FFDCD3682C2023A100E2142A /* Launch Screen.storyboard in Resources */ = {isa = PBXBuildFile; fileRef = FFDCD3672C2023A100E2142A /* Launch Screen.storyboard */; };
		FFDCD3702C20261F00E2142A /* ContainerView.swift in Sources */ = {isa = PBXBuildFile; fileRef = FFDCD36F2C20261F00E2142A /* ContainerView.swift */; };
/* End PBXBuildFile section */

/* Begin PBXFileReference section */
		6C39E1532C226D4800B83BBD /* SigninView.swift */ = {isa = PBXFileReference; lastKnownFileType = sourcecode.swift; path = SigninView.swift; sourceTree = "<group>"; };
		6C39E1572C2273E500B83BBD /* AuthModel.swift */ = {isa = PBXFileReference; lastKnownFileType = sourcecode.swift; path = AuthModel.swift; sourceTree = "<group>"; };
		6C39E15C2C227C9300B83BBD /* SignupView.swift */ = {isa = PBXFileReference; lastKnownFileType = sourcecode.swift; path = SignupView.swift; sourceTree = "<group>"; };
		6C39E15F2C227E8D00B83BBD /* User.swift */ = {isa = PBXFileReference; lastKnownFileType = sourcecode.swift; path = User.swift; sourceTree = "<group>"; };
		6C95A5272C24809D0098ECAC /* FavoritesView.swift */ = {isa = PBXFileReference; lastKnownFileType = sourcecode.swift; path = FavoritesView.swift; sourceTree = "<group>"; };
		6C95A52B2C2480E00098ECAC /* FavoritesModel.swift */ = {isa = PBXFileReference; lastKnownFileType = sourcecode.swift; path = FavoritesModel.swift; sourceTree = "<group>"; };
		6C95A52D2C248BEA0098ECAC /* Favorites.swift */ = {isa = PBXFileReference; lastKnownFileType = sourcecode.swift; path = Favorites.swift; sourceTree = "<group>"; };
		6CAB273D2C29BCDC00122C3E /* ShimmeringView.swift */ = {isa = PBXFileReference; lastKnownFileType = sourcecode.swift; path = ShimmeringView.swift; sourceTree = "<group>"; };
		6CAB27462C2A319900122C3E /* ProfileViewModel.swift */ = {isa = PBXFileReference; lastKnownFileType = sourcecode.swift; path = ProfileViewModel.swift; sourceTree = "<group>"; };
		6CAB27482C2A381300122C3E /* Country.swift */ = {isa = PBXFileReference; lastKnownFileType = sourcecode.swift; path = Country.swift; sourceTree = "<group>"; };
		6CAB274A2C2A38C000122C3E /* Currency.swift */ = {isa = PBXFileReference; lastKnownFileType = sourcecode.swift; path = Currency.swift; sourceTree = "<group>"; };
		6CAB274C2C2A504E00122C3E /* ProfileView.swift */ = {isa = PBXFileReference; lastKnownFileType = sourcecode.swift; path = ProfileView.swift; sourceTree = "<group>"; };
		6CC6B4C82C2372CC00B34008 /* GoogleService-Info.plist */ = {isa = PBXFileReference; fileEncoding = 4; lastKnownFileType = text.plist.xml; path = "GoogleService-Info.plist"; sourceTree = "<group>"; };
		6CC6B4CB2C237BD400B34008 /* Utilities.swift */ = {isa = PBXFileReference; lastKnownFileType = sourcecode.swift; path = Utilities.swift; sourceTree = "<group>"; };
		6CC6B4CD2C23B4A900B34008 /* beach.json */ = {isa = PBXFileReference; fileEncoding = 4; lastKnownFileType = text.json; path = beach.json; sourceTree = "<group>"; };
		B41A9F612C2B6D4400C8F1E3 /* Listing.swift */ = {isa = PBXFileReference; fileEncoding = 4; lastKnownFileType = sourcecode.swift; path = Listing.swift; sourceTree = "<group>"; };
		B41A9F632C2B6D7D00C8F1E3 /* ListingDetailView.swift */ = {isa = PBXFileReference; fileEncoding = 4; lastKnownFileType = sourcecode.swift; path = ListingDetailView.swift; sourceTree = "<group>"; };
		B41A9F672C2B6DB600C8F1E3 /* CompactListingView.swift */ = {isa = PBXFileReference; fileEncoding = 4; lastKnownFileType = sourcecode.swift; path = CompactListingView.swift; sourceTree = "<group>"; };
		B41A9F692C2B6E0F00C8F1E3 /* MockExploreService.swift */ = {isa = PBXFileReference; fileEncoding = 4; lastKnownFileType = sourcecode.swift; path = MockExploreService.swift; sourceTree = "<group>"; };
		B41A9F6B2C2B6E3E00C8F1E3 /* ExploreService.swift */ = {isa = PBXFileReference; fileEncoding = 4; lastKnownFileType = sourcecode.swift; path = ExploreService.swift; sourceTree = "<group>"; };
		B41A9F6D2C2B6E5E00C8F1E3 /* SearchAndFilterBar.swift */ = {isa = PBXFileReference; fileEncoding = 4; lastKnownFileType = sourcecode.swift; path = SearchAndFilterBar.swift; sourceTree = "<group>"; };
		B41A9F6F2C2B6E8B00C8F1E3 /* LoadingView.swift */ = {isa = PBXFileReference; fileEncoding = 4; lastKnownFileType = sourcecode.swift; path = LoadingView.swift; sourceTree = "<group>"; };
		B41A9F712C2B6EA700C8F1E3 /* DestinationSearchView.swift */ = {isa = PBXFileReference; fileEncoding = 4; lastKnownFileType = sourcecode.swift; path = DestinationSearchView.swift; sourceTree = "<group>"; };
		B41A9F732C2B6EBE00C8F1E3 /* ExploreView.swift */ = {isa = PBXFileReference; fileEncoding = 4; lastKnownFileType = sourcecode.swift; path = ExploreView.swift; sourceTree = "<group>"; };
		B41A9F772C2B6F2300C8F1E3 /* ExploreViewModel.swift */ = {isa = PBXFileReference; fileEncoding = 4; lastKnownFileType = sourcecode.swift; path = ExploreViewModel.swift; sourceTree = "<group>"; };
		B43E786D2C2EA4F5009D5233 /* BookingSymbols.swift */ = {isa = PBXFileReference; lastKnownFileType = sourcecode.swift; path = BookingSymbols.swift; sourceTree = "<group>"; };
		B482FAAD2C2B823E00D6A0E2 /* HomeView.swift */ = {isa = PBXFileReference; lastKnownFileType = sourcecode.swift; path = HomeView.swift; sourceTree = "<group>"; };
		B482FAAF2C2B8B1400D6A0E2 /* CardViewBig.swift */ = {isa = PBXFileReference; lastKnownFileType = sourcecode.swift; path = CardViewBig.swift; sourceTree = "<group>"; };
		B482FAB12C2C0A4900D6A0E2 /* CardViewSmall.swift */ = {isa = PBXFileReference; lastKnownFileType = sourcecode.swift; path = CardViewSmall.swift; sourceTree = "<group>"; };
		B482FAB52C2C14AC00D6A0E2 /* HomeViewModel.swift */ = {isa = PBXFileReference; lastKnownFileType = sourcecode.swift; path = HomeViewModel.swift; sourceTree = "<group>"; };
		B4F722932C2D72E700D40AAB /* CalendarView.swift */ = {isa = PBXFileReference; lastKnownFileType = sourcecode.swift; path = CalendarView.swift; sourceTree = "<group>"; };
		B4F722952C2D91FA00D40AAB /* loading.json */ = {isa = PBXFileReference; fileEncoding = 4; lastKnownFileType = text.json; name = loading.json; path = "../../../../Library/Mobile Documents/com~apple~CloudDocs/Desktop/Whooliday/Whooliday/Images/loading.json"; sourceTree = "<group>"; };
		B4F722972C2D924B00D40AAB /* FilterView.swift */ = {isa = PBXFileReference; lastKnownFileType = sourcecode.swift; path = FilterView.swift; sourceTree = "<group>"; };
		B4F7229D2C2DA67100D40AAB /* AddFilterView.swift */ = {isa = PBXFileReference; lastKnownFileType = sourcecode.swift; path = AddFilterView.swift; sourceTree = "<group>"; };
		FF620DFE2C2ACF7B006371DF /* ShimmeringViewDetail.swift */ = {isa = PBXFileReference; fileEncoding = 4; lastKnownFileType = sourcecode.swift; path = ShimmeringViewDetail.swift; sourceTree = "<group>"; };
		FF620E022C2ACF86006371DF /* ExploreDetailService.swift */ = {isa = PBXFileReference; fileEncoding = 4; lastKnownFileType = sourcecode.swift; path = ExploreDetailService.swift; sourceTree = "<group>"; };
		FF620E042C2ACF90006371DF /* ListingItemView.swift */ = {isa = PBXFileReference; fileEncoding = 4; lastKnownFileType = sourcecode.swift; path = ListingItemView.swift; sourceTree = "<group>"; };
		FF620E0E2C2ACFBC006371DF /* PriceChartView.swift */ = {isa = PBXFileReference; fileEncoding = 4; lastKnownFileType = sourcecode.swift; path = PriceChartView.swift; sourceTree = "<group>"; };
		FF7AAFA02C20E6640080E20F /* welcomeButton.riv */ = {isa = PBXFileReference; lastKnownFileType = file; path = welcomeButton.riv; sourceTree = "<group>"; };
		FF7AAFA42C21699A0080E20F /* Inter-Regular.ttf */ = {isa = PBXFileReference; lastKnownFileType = file; path = "Inter-Regular.ttf"; sourceTree = "<group>"; };
		FF7AAFA52C21699A0080E20F /* Inter-SemiBold.ttf */ = {isa = PBXFileReference; lastKnownFileType = file; path = "Inter-SemiBold.ttf"; sourceTree = "<group>"; };
		FF7AAFA62C21699A0080E20F /* Poppins-Bold.ttf */ = {isa = PBXFileReference; lastKnownFileType = file; path = "Poppins-Bold.ttf"; sourceTree = "<group>"; };
		FF7AAFAB2C2169BD0080E20F /* Info.plist */ = {isa = PBXFileReference; lastKnownFileType = text.plist; path = Info.plist; sourceTree = "<group>"; };
		FF7AAFAC2C2170C70080E20F /* logo.svg */ = {isa = PBXFileReference; fileEncoding = 4; lastKnownFileType = text; path = logo.svg; sourceTree = "<group>"; };
		FF7AAFB32C2176320080E20F /* TT-Regular.ttf */ = {isa = PBXFileReference; lastKnownFileType = file; path = "TT-Regular.ttf"; sourceTree = "<group>"; };
		FF7AAFB52C2176BC0080E20F /* TT-SemiBold.ttf */ = {isa = PBXFileReference; lastKnownFileType = file; path = "TT-SemiBold.ttf"; sourceTree = "<group>"; };
		FF7AAFB72C2177B60080E20F /* TT Hoves Pro Trial Bold.ttf */ = {isa = PBXFileReference; lastKnownFileType = file; path = "TT Hoves Pro Trial Bold.ttf"; sourceTree = "<group>"; };
		FF7AAFB92C2178050080E20F /* TT Hoves Pro Trial ExtraBold.ttf */ = {isa = PBXFileReference; lastKnownFileType = file; path = "TT Hoves Pro Trial ExtraBold.ttf"; sourceTree = "<group>"; };
		FF7AAFC12C218CD60080E20F /* pag1.riv */ = {isa = PBXFileReference; lastKnownFileType = file; path = pag1.riv; sourceTree = "<group>"; };
		FF7AAFC32C21C9580080E20F /* WelcomeView2.swift */ = {isa = PBXFileReference; lastKnownFileType = sourcecode.swift; path = WelcomeView2.swift; sourceTree = "<group>"; };
		FF7AAFCC2C21D4260080E20F /* beach.lottie */ = {isa = PBXFileReference; lastKnownFileType = file; path = beach.lottie; sourceTree = "<group>"; };
		FF8ABCE82C22C3D100E57A80 /* SplashScreenView.swift */ = {isa = PBXFileReference; fileEncoding = 4; lastKnownFileType = sourcecode.swift; path = SplashScreenView.swift; sourceTree = "<group>"; };
		FF8ABCEA2C22C3F100E57A80 /* introSplash.riv */ = {isa = PBXFileReference; lastKnownFileType = file; path = introSplash.riv; sourceTree = "<group>"; };
		FF92C1B32C27335400D2CA45 /* CustomNavBar.swift */ = {isa = PBXFileReference; fileEncoding = 4; lastKnownFileType = sourcecode.swift; path = CustomNavBar.swift; sourceTree = "<group>"; };
		FF92C1B42C27335400D2CA45 /* TestNavBarView.swift */ = {isa = PBXFileReference; fileEncoding = 4; lastKnownFileType = sourcecode.swift; path = TestNavBarView.swift; sourceTree = "<group>"; };
		FF92C1B62C27335400D2CA45 /* ContainerTabBarView.swift */ = {isa = PBXFileReference; fileEncoding = 4; lastKnownFileType = sourcecode.swift; path = ContainerTabBarView.swift; sourceTree = "<group>"; };
		FF92C1B72C27335400D2CA45 /* TabBarItem.swift */ = {isa = PBXFileReference; fileEncoding = 4; lastKnownFileType = sourcecode.swift; path = TabBarItem.swift; sourceTree = "<group>"; };
		FF92C1B82C27335400D2CA45 /* TabBarItemsPreferenceKey.swift */ = {isa = PBXFileReference; fileEncoding = 4; lastKnownFileType = sourcecode.swift; path = TabBarItemsPreferenceKey.swift; sourceTree = "<group>"; };
		FF92C1B92C27335400D2CA45 /* TabBarView.swift */ = {isa = PBXFileReference; fileEncoding = 4; lastKnownFileType = sourcecode.swift; path = TabBarView.swift; sourceTree = "<group>"; };
		FF92C1BB2C27335400D2CA45 /* ListingImageCarouseView.swift */ = {isa = PBXFileReference; fileEncoding = 4; lastKnownFileType = sourcecode.swift; path = ListingImageCarouseView.swift; sourceTree = "<group>"; };
		FF92C1BC2C27335400D2CA45 /* TabBarComponent.swift */ = {isa = PBXFileReference; fileEncoding = 4; lastKnownFileType = sourcecode.swift; path = TabBarComponent.swift; sourceTree = "<group>"; };
		FF932EF32C20D92300613637 /* WelcomeView1.swift */ = {isa = PBXFileReference; lastKnownFileType = sourcecode.swift; path = WelcomeView1.swift; sourceTree = "<group>"; };
		FFDCD3382C1F554300E2142A /* Whooliday.app */ = {isa = PBXFileReference; explicitFileType = wrapper.application; includeInIndex = 0; path = Whooliday.app; sourceTree = BUILT_PRODUCTS_DIR; };
		FFDCD33B2C1F554300E2142A /* WhoolidayApp.swift */ = {isa = PBXFileReference; lastKnownFileType = sourcecode.swift; path = WhoolidayApp.swift; sourceTree = "<group>"; };
		FFDCD33F2C1F554500E2142A /* Assets.xcassets */ = {isa = PBXFileReference; lastKnownFileType = folder.assetcatalog; path = Assets.xcassets; sourceTree = "<group>"; };
		FFDCD3422C1F554500E2142A /* Preview Assets.xcassets */ = {isa = PBXFileReference; lastKnownFileType = folder.assetcatalog; path = "Preview Assets.xcassets"; sourceTree = "<group>"; };
		FFDCD3672C2023A100E2142A /* Launch Screen.storyboard */ = {isa = PBXFileReference; lastKnownFileType = file.storyboard; name = "Launch Screen.storyboard"; path = "../Launch Screen.storyboard"; sourceTree = "<group>"; };
		FFDCD36F2C20261F00E2142A /* ContainerView.swift */ = {isa = PBXFileReference; lastKnownFileType = sourcecode.swift; name = ContainerView.swift; path = "Preview Content/ContainerView.swift"; sourceTree = "<group>"; };
/* End PBXFileReference section */

/* Begin PBXFrameworksBuildPhase section */
		FFDCD3352C1F554300E2142A /* Frameworks */ = {
			isa = PBXFrameworksBuildPhase;
			buildActionMask = 2147483647;
			files = (
				FF620E202C2B02A0006371DF /* SwiftUICharts in Frameworks */,
				6C39E14F2C226B3400B83BBD /* FirebaseFirestoreSwift in Frameworks */,
				FF082CFD2C206D1D00055F9A /* RiveRuntime in Frameworks */,
				6C39E14D2C226B3400B83BBD /* FirebaseFirestore in Frameworks */,
				6CC6B4C72C23709600B34008 /* GoogleSignInSwift in Frameworks */,
				6C39E14B2C226B3400B83BBD /* FirebaseAuth in Frameworks */,
				FF7AAFC72C21CF7C0080E20F /* Lottie in Frameworks */,
				6C39E1512C226B3400B83BBD /* FirebaseStorage in Frameworks */,
				6CC6B4C52C23709600B34008 /* GoogleSignIn in Frameworks */,
			);
			runOnlyForDeploymentPostprocessing = 0;
		};
/* End PBXFrameworksBuildPhase section */

/* Begin PBXGroup section */
		6C39E1522C226D2300B83BBD /* Auth */ = {
			isa = PBXGroup;
			children = (
				6C39E1552C2272B600B83BBD /* View */,
				6C39E1562C2272C300B83BBD /* Model */,
			);
			path = Auth;
			sourceTree = "<group>";
		};
		6C39E1552C2272B600B83BBD /* View */ = {
			isa = PBXGroup;
			children = (
				6C39E1532C226D4800B83BBD /* SigninView.swift */,
				6C39E15C2C227C9300B83BBD /* SignupView.swift */,
			);
			path = View;
			sourceTree = "<group>";
		};
		6C39E1562C2272C300B83BBD /* Model */ = {
			isa = PBXGroup;
			children = (
				6C39E1572C2273E500B83BBD /* AuthModel.swift */,
			);
			path = Model;
			sourceTree = "<group>";
		};
		6C39E1592C22756600B83BBD /* App */ = {
			isa = PBXGroup;
			children = (
				FFDCD33B2C1F554300E2142A /* WhoolidayApp.swift */,
			);
			path = App;
			sourceTree = "<group>";
		};
		6C39E15A2C22758200B83BBD /* Core */ = {
			isa = PBXGroup;
			children = (
				B482FAAB2C2B81FE00D6A0E2 /* Home */,
				FF620DF12C2ACD99006371DF /* Search */,
				6CAB273C2C29BC1300122C3E /* Shimmering */,
				FF92C1BD2C27335400D2CA45 /* Components */,
				6C95A5262C247F680098ECAC /* Favorites */,
				6CC6B4CA2C237BC100B34008 /* Utilities */,
				6C39E15B2C2275B400B83BBD /* Welcome */,
				6C39E1522C226D2300B83BBD /* Auth */,
				6CC6B4C02C234B4800B34008 /* ProfilePage */,
			);
			path = Core;
			sourceTree = "<group>";
		};
		6C39E15B2C2275B400B83BBD /* Welcome */ = {
			isa = PBXGroup;
			children = (
				FF932EF32C20D92300613637 /* WelcomeView1.swift */,
				FF7AAFC32C21C9580080E20F /* WelcomeView2.swift */,
			);
			path = Welcome;
			sourceTree = "<group>";
		};
		6C39E15E2C227E6D00B83BBD /* Model */ = {
			isa = PBXGroup;
			children = (
				B41A9F612C2B6D4400C8F1E3 /* Listing.swift */,
				6C39E15F2C227E8D00B83BBD /* User.swift */,
				6C95A52D2C248BEA0098ECAC /* Favorites.swift */,
			);
			path = Model;
			sourceTree = "<group>";
		};
		6C95A5262C247F680098ECAC /* Favorites */ = {
			isa = PBXGroup;
			children = (
				6C95A52A2C2480D00098ECAC /* Model */,
				6C95A5292C2480C80098ECAC /* View */,
			);
			path = Favorites;
			sourceTree = "<group>";
		};
		6C95A5292C2480C80098ECAC /* View */ = {
			isa = PBXGroup;
			children = (
				6C95A5272C24809D0098ECAC /* FavoritesView.swift */,
			);
			path = View;
			sourceTree = "<group>";
		};
		6C95A52A2C2480D00098ECAC /* Model */ = {
			isa = PBXGroup;
			children = (
				6C95A52B2C2480E00098ECAC /* FavoritesModel.swift */,
			);
			path = Model;
			sourceTree = "<group>";
		};
		6CAB273C2C29BC1300122C3E /* Shimmering */ = {
			isa = PBXGroup;
			children = (
				6CAB273F2C29BE7700122C3E /* View */,
			);
			path = Shimmering;
			sourceTree = "<group>";
		};
		6CAB273F2C29BE7700122C3E /* View */ = {
			isa = PBXGroup;
			children = (
				6CAB273D2C29BCDC00122C3E /* ShimmeringView.swift */,
			);
			path = View;
			sourceTree = "<group>";
		};
		6CAB27442C2A2F0300122C3E /* View */ = {
			isa = PBXGroup;
			children = (
				6CAB274C2C2A504E00122C3E /* ProfileView.swift */,
			);
			path = View;
			sourceTree = "<group>";
		};
		6CAB27452C2A2F0B00122C3E /* Model */ = {
			isa = PBXGroup;
			children = (
				6CAB27462C2A319900122C3E /* ProfileViewModel.swift */,
			);
			path = Model;
			sourceTree = "<group>";
		};
		6CC6B4C02C234B4800B34008 /* ProfilePage */ = {
			isa = PBXGroup;
			children = (
				6CAB27452C2A2F0B00122C3E /* Model */,
				6CAB27442C2A2F0300122C3E /* View */,
			);
			path = ProfilePage;
			sourceTree = "<group>";
		};
		6CC6B4CA2C237BC100B34008 /* Utilities */ = {
			isa = PBXGroup;
			children = (
				6CC6B4CB2C237BD400B34008 /* Utilities.swift */,
				6CAB27482C2A381300122C3E /* Country.swift */,
				6CAB274A2C2A38C000122C3E /* Currency.swift */,
			);
			path = Utilities;
			sourceTree = "<group>";
		};
		B482FAAB2C2B81FE00D6A0E2 /* Home */ = {
			isa = PBXGroup;
			children = (
				B482FAB42C2C149900D6A0E2 /* Model */,
				B482FAAC2C2B820500D6A0E2 /* View */,
			);
			path = Home;
			sourceTree = "<group>";
		};
		B482FAAC2C2B820500D6A0E2 /* View */ = {
			isa = PBXGroup;
			children = (
				B482FAAD2C2B823E00D6A0E2 /* HomeView.swift */,
				B482FAAF2C2B8B1400D6A0E2 /* CardViewBig.swift */,
				B482FAB12C2C0A4900D6A0E2 /* CardViewSmall.swift */,
			);
			path = View;
			sourceTree = "<group>";
		};
		B482FAB42C2C149900D6A0E2 /* Model */ = {
			isa = PBXGroup;
			children = (
				B482FAB52C2C14AC00D6A0E2 /* HomeViewModel.swift */,
			);
			path = Model;
			sourceTree = "<group>";
		};
		FF620DEE2C2ACD99006371DF /* Service */ = {
			isa = PBXGroup;
			children = (
				B41A9F6B2C2B6E3E00C8F1E3 /* ExploreService.swift */,
				FF620E022C2ACF86006371DF /* ExploreDetailService.swift */,
				B41A9F692C2B6E0F00C8F1E3 /* MockExploreService.swift */,
			);
			path = Service;
			sourceTree = "<group>";
		};
		FF620DEF2C2ACD99006371DF /* View */ = {
			isa = PBXGroup;
			children = (
				B41A9F632C2B6D7D00C8F1E3 /* ListingDetailView.swift */,
				FF620E042C2ACF90006371DF /* ListingItemView.swift */,
				B41A9F672C2B6DB600C8F1E3 /* CompactListingView.swift */,
				B41A9F6D2C2B6E5E00C8F1E3 /* SearchAndFilterBar.swift */,
				B41A9F6F2C2B6E8B00C8F1E3 /* LoadingView.swift */,
				FF620E0E2C2ACFBC006371DF /* PriceChartView.swift */,
				B41A9F712C2B6EA700C8F1E3 /* DestinationSearchView.swift */,
				B41A9F732C2B6EBE00C8F1E3 /* ExploreView.swift */,
				FF620DFE2C2ACF7B006371DF /* ShimmeringViewDetail.swift */,
				B4F722932C2D72E700D40AAB /* CalendarView.swift */,
				B4F722972C2D924B00D40AAB /* FilterView.swift */,
				B4F7229D2C2DA67100D40AAB /* AddFilterView.swift */,
			);
			name = View;
			path = Listings/View;
			sourceTree = "<group>";
		};
		FF620DF02C2ACD99006371DF /* Model */ = {
			isa = PBXGroup;
			children = (
				B43E786D2C2EA4F5009D5233 /* BookingSymbols.swift */,
				B41A9F772C2B6F2300C8F1E3 /* ExploreViewModel.swift */,
			);
			path = Model;
			sourceTree = "<group>";
		};
		FF620DF12C2ACD99006371DF /* Search */ = {
			isa = PBXGroup;
			children = (
				FF620DEF2C2ACD99006371DF /* View */,
				FF620DF02C2ACD99006371DF /* Model */,
				FF620DEE2C2ACD99006371DF /* Service */,
			);
			path = Search;
			sourceTree = "<group>";
		};
		FF7AAFA72C21699A0080E20F /* Font */ = {
			isa = PBXGroup;
			children = (
				FF7AAFB92C2178050080E20F /* TT Hoves Pro Trial ExtraBold.ttf */,
				FF7AAFB72C2177B60080E20F /* TT Hoves Pro Trial Bold.ttf */,
				FF7AAFB52C2176BC0080E20F /* TT-SemiBold.ttf */,
				FF7AAFB32C2176320080E20F /* TT-Regular.ttf */,
				FF7AAFA42C21699A0080E20F /* Inter-Regular.ttf */,
				FF7AAFA52C21699A0080E20F /* Inter-SemiBold.ttf */,
				FF7AAFA62C21699A0080E20F /* Poppins-Bold.ttf */,
			);
			path = Font;
			sourceTree = "<group>";
		};
		FF7AAFAD2C2170C70080E20F /* Icons */ = {
			isa = PBXGroup;
			children = (
				FF7AAFAC2C2170C70080E20F /* logo.svg */,
			);
			path = Icons;
			sourceTree = "<group>";
		};
		FF7AAFBA2C2186570080E20F /* Images */ = {
			isa = PBXGroup;
			children = (
				B4F722952C2D91FA00D40AAB /* loading.json */,
				6CC6B4CD2C23B4A900B34008 /* beach.json */,
				FF7AAFCC2C21D4260080E20F /* beach.lottie */,
				FF7AAFC12C218CD60080E20F /* pag1.riv */,
				FF8ABCEA2C22C3F100E57A80 /* introSplash.riv */,
				FF7AAFA02C20E6640080E20F /* welcomeButton.riv */,
			);
			path = Images;
			sourceTree = "<group>";
		};
		FF92C1B52C27335400D2CA45 /* NavBar */ = {
			isa = PBXGroup;
			children = (
				FF92C1B32C27335400D2CA45 /* CustomNavBar.swift */,
				FF92C1B42C27335400D2CA45 /* TestNavBarView.swift */,
			);
			path = NavBar;
			sourceTree = "<group>";
		};
		FF92C1BA2C27335400D2CA45 /* TabBar */ = {
			isa = PBXGroup;
			children = (
				FF92C1B62C27335400D2CA45 /* ContainerTabBarView.swift */,
				FF92C1B72C27335400D2CA45 /* TabBarItem.swift */,
				FF92C1B82C27335400D2CA45 /* TabBarItemsPreferenceKey.swift */,
				FF92C1B92C27335400D2CA45 /* TabBarView.swift */,
			);
			path = TabBar;
			sourceTree = "<group>";
		};
		FF92C1BD2C27335400D2CA45 /* Components */ = {
			isa = PBXGroup;
			children = (
				FF92C1B52C27335400D2CA45 /* NavBar */,
				FF92C1BA2C27335400D2CA45 /* TabBar */,
				FF92C1BB2C27335400D2CA45 /* ListingImageCarouseView.swift */,
				FF92C1BC2C27335400D2CA45 /* TabBarComponent.swift */,
			);
			path = Components;
			sourceTree = "<group>";
		};
		FFDCD32F2C1F554300E2142A = {
			isa = PBXGroup;
			children = (
				FFDCD33A2C1F554300E2142A /* Whooliday */,
				FFDCD3392C1F554300E2142A /* Products */,
			);
			sourceTree = "<group>";
		};
		FFDCD3392C1F554300E2142A /* Products */ = {
			isa = PBXGroup;
			children = (
				FFDCD3382C1F554300E2142A /* Whooliday.app */,
			);
			name = Products;
			sourceTree = "<group>";
		};
		FFDCD33A2C1F554300E2142A /* Whooliday */ = {
			isa = PBXGroup;
			children = (
				6CC6B4C82C2372CC00B34008 /* GoogleService-Info.plist */,
				6C39E1592C22756600B83BBD /* App */,
				FF7AAFAB2C2169BD0080E20F /* Info.plist */,
				6C39E15A2C22758200B83BBD /* Core */,
				FF8ABCE82C22C3D100E57A80 /* SplashScreenView.swift */,
				FFDCD36F2C20261F00E2142A /* ContainerView.swift */,
				6C39E15E2C227E6D00B83BBD /* Model */,
				FF7AAFBA2C2186570080E20F /* Images */,
				FF7AAFAD2C2170C70080E20F /* Icons */,
				FF7AAFA72C21699A0080E20F /* Font */,
				FFDCD33F2C1F554500E2142A /* Assets.xcassets */,
				FFDCD3412C1F554500E2142A /* Preview Content */,
			);
			path = Whooliday;
			sourceTree = "<group>";
		};
		FFDCD3412C1F554500E2142A /* Preview Content */ = {
			isa = PBXGroup;
			children = (
				FFDCD3672C2023A100E2142A /* Launch Screen.storyboard */,
				FFDCD3422C1F554500E2142A /* Preview Assets.xcassets */,
			);
			path = "Preview Content";
			sourceTree = "<group>";
		};
/* End PBXGroup section */

/* Begin PBXNativeTarget section */
		FFDCD3372C1F554300E2142A /* Whooliday */ = {
			isa = PBXNativeTarget;
			buildConfigurationList = FFDCD35C2C1F554600E2142A /* Build configuration list for PBXNativeTarget "Whooliday" */;
			buildPhases = (
				FFDCD3342C1F554300E2142A /* Sources */,
				FFDCD3352C1F554300E2142A /* Frameworks */,
				FFDCD3362C1F554300E2142A /* Resources */,
			);
			buildRules = (
			);
			dependencies = (
			);
			name = Whooliday;
			packageProductDependencies = (
				FF082CFC2C206D1D00055F9A /* RiveRuntime */,
				FF7AAFC62C21CF7C0080E20F /* Lottie */,
				6C39E14A2C226B3400B83BBD /* FirebaseAuth */,
				6C39E14C2C226B3400B83BBD /* FirebaseFirestore */,
				6C39E14E2C226B3400B83BBD /* FirebaseFirestoreSwift */,
				6C39E1502C226B3400B83BBD /* FirebaseStorage */,
				6CC6B4C42C23709600B34008 /* GoogleSignIn */,
				6CC6B4C62C23709600B34008 /* GoogleSignInSwift */,
				FF620E1F2C2B02A0006371DF /* SwiftUICharts */,
			);
			productName = Whooliday;
			productReference = FFDCD3382C1F554300E2142A /* Whooliday.app */;
			productType = "com.apple.product-type.application";
		};
/* End PBXNativeTarget section */

/* Begin PBXProject section */
		FFDCD3302C1F554300E2142A /* Project object */ = {
			isa = PBXProject;
			attributes = {
				BuildIndependentTargetsInParallel = 1;
				LastSwiftUpdateCheck = 1540;
				LastUpgradeCheck = 1540;
				TargetAttributes = {
					FFDCD3372C1F554300E2142A = {
						CreatedOnToolsVersion = 15.4;
					};
				};
			};
			buildConfigurationList = FFDCD3332C1F554300E2142A /* Build configuration list for PBXProject "Whooliday" */;
			compatibilityVersion = "Xcode 14.0";
			developmentRegion = en;
			hasScannedForEncodings = 0;
			knownRegions = (
				en,
				Base,
			);
			mainGroup = FFDCD32F2C1F554300E2142A;
			packageReferences = (
				FF082CFB2C206B8400055F9A /* XCRemoteSwiftPackageReference "rive-ios" */,
				FF7AAFC52C21CF7C0080E20F /* XCRemoteSwiftPackageReference "lottie-ios" */,
				6C39E1492C226B3400B83BBD /* XCRemoteSwiftPackageReference "firebase-ios-sdk" */,
				6CC6B4C32C23709500B34008 /* XCRemoteSwiftPackageReference "GoogleSignIn-iOS" */,
				FF620E1E2C2B029F006371DF /* XCRemoteSwiftPackageReference "ChartView" */,
			);
			productRefGroup = FFDCD3392C1F554300E2142A /* Products */;
			projectDirPath = "";
			projectRoot = "";
			targets = (
				FFDCD3372C1F554300E2142A /* Whooliday */,
			);
		};
/* End PBXProject section */

/* Begin PBXResourcesBuildPhase section */
		FFDCD3362C1F554300E2142A /* Resources */ = {
			isa = PBXResourcesBuildPhase;
			buildActionMask = 2147483647;
			files = (
				FF7AAFB82C2177B60080E20F /* TT Hoves Pro Trial Bold.ttf in Resources */,
				FF7AAFA92C21699A0080E20F /* Inter-SemiBold.ttf in Resources */,
				6CC6B4C92C2372CC00B34008 /* GoogleService-Info.plist in Resources */,
				FFDCD3682C2023A100E2142A /* Launch Screen.storyboard in Resources */,
				B4F722962C2D91FA00D40AAB /* loading.json in Resources */,
				FF7AAFAA2C21699A0080E20F /* Poppins-Bold.ttf in Resources */,
				6CC6B4CE2C23B4A900B34008 /* beach.json in Resources */,
				FF7AAFC22C218CD60080E20F /* pag1.riv in Resources */,
				FF7AAFA82C21699A0080E20F /* Inter-Regular.ttf in Resources */,
				FFDCD3432C1F554500E2142A /* Preview Assets.xcassets in Resources */,
				FF7AAFCD2C21D4260080E20F /* beach.lottie in Resources */,
				FF7AAFB62C2176BC0080E20F /* TT-SemiBold.ttf in Resources */,
				FFDCD3402C1F554500E2142A /* Assets.xcassets in Resources */,
				FF8ABCEB2C22C3F100E57A80 /* introSplash.riv in Resources */,
				FF7AAFB42C2176320080E20F /* TT-Regular.ttf in Resources */,
				FF7AAFA12C20E6640080E20F /* welcomeButton.riv in Resources */,
				FF7AAFAE2C2170D00080E20F /* logo.svg in Resources */,
			);
			runOnlyForDeploymentPostprocessing = 0;
		};
/* End PBXResourcesBuildPhase section */

/* Begin PBXSourcesBuildPhase section */
		FFDCD3342C1F554300E2142A /* Sources */ = {
			isa = PBXSourcesBuildPhase;
			buildActionMask = 2147483647;
			files = (
				FFDCD3702C20261F00E2142A /* ContainerView.swift in Sources */,
				FF932EF42C20D92300613637 /* WelcomeView1.swift in Sources */,
				FF92C1C42C27335400D2CA45 /* ListingImageCarouseView.swift in Sources */,
				6C39E15D2C227C9300B83BBD /* SignupView.swift in Sources */,
				FF92C1BE2C27335400D2CA45 /* CustomNavBar.swift in Sources */,
				B4F722942C2D72E700D40AAB /* CalendarView.swift in Sources */,
				B4F722982C2D924B00D40AAB /* FilterView.swift in Sources */,
				6C39E1542C226D4800B83BBD /* SigninView.swift in Sources */,
				6CAB274D2C2A504E00122C3E /* ProfileView.swift in Sources */,
				FF7AAFC42C21C9580080E20F /* WelcomeView2.swift in Sources */,
				6CC6B4CC2C237BD400B34008 /* Utilities.swift in Sources */,
				FF92C1C52C27335400D2CA45 /* TabBarComponent.swift in Sources */,
				B41A9F642C2B6D7D00C8F1E3 /* ListingDetailView.swift in Sources */,
				B4F7229E2C2DA67100D40AAB /* AddFilterView.swift in Sources */,
				B41A9F742C2B6EBE00C8F1E3 /* ExploreView.swift in Sources */,
				B482FAAE2C2B823E00D6A0E2 /* HomeView.swift in Sources */,
				FF8ABCE92C22C3D100E57A80 /* SplashScreenView.swift in Sources */,
				B41A9F6E2C2B6E5E00C8F1E3 /* SearchAndFilterBar.swift in Sources */,
				FF620E052C2ACF90006371DF /* ListingItemView.swift in Sources */,
				FF92C1C22C27335400D2CA45 /* TabBarItemsPreferenceKey.swift in Sources */,
				B482FAB22C2C0A4900D6A0E2 /* CardViewSmall.swift in Sources */,
				FF620E032C2ACF86006371DF /* ExploreDetailService.swift in Sources */,
				6CAB27472C2A319900122C3E /* ProfileViewModel.swift in Sources */,
				FF92C1BF2C27335400D2CA45 /* TestNavBarView.swift in Sources */,
				6C39E1582C2273E500B83BBD /* AuthModel.swift in Sources */,
				FF92C1C12C27335400D2CA45 /* TabBarItem.swift in Sources */,
				B482FAB62C2C14AC00D6A0E2 /* HomeViewModel.swift in Sources */,
				FF92C1C02C27335400D2CA45 /* ContainerTabBarView.swift in Sources */,
				6C95A5282C24809D0098ECAC /* FavoritesView.swift in Sources */,
				FF620DFF2C2ACF7B006371DF /* ShimmeringViewDetail.swift in Sources */,
				B41A9F702C2B6E8B00C8F1E3 /* LoadingView.swift in Sources */,
				B41A9F782C2B6F2300C8F1E3 /* ExploreViewModel.swift in Sources */,
				FFDCD33C2C1F554300E2142A /* WhoolidayApp.swift in Sources */,
				B43E786E2C2EA4F5009D5233 /* BookingSymbols.swift in Sources */,
				B482FAB02C2B8B1400D6A0E2 /* CardViewBig.swift in Sources */,
				B41A9F622C2B6D4400C8F1E3 /* Listing.swift in Sources */,
				6CAB274B2C2A38C000122C3E /* Currency.swift in Sources */,
				FF620E0F2C2ACFBC006371DF /* PriceChartView.swift in Sources */,
				6C95A52C2C2480E00098ECAC /* FavoritesModel.swift in Sources */,
				6C95A52E2C248BEA0098ECAC /* Favorites.swift in Sources */,
				6CAB27492C2A381300122C3E /* Country.swift in Sources */,
				6C39E1602C227E8D00B83BBD /* User.swift in Sources */,
				B41A9F6C2C2B6E3E00C8F1E3 /* ExploreService.swift in Sources */,
				6CAB273E2C29BCDC00122C3E /* ShimmeringView.swift in Sources */,
				B41A9F6A2C2B6E0F00C8F1E3 /* MockExploreService.swift in Sources */,
				FF92C1C32C27335400D2CA45 /* TabBarView.swift in Sources */,
				B41A9F682C2B6DB600C8F1E3 /* CompactListingView.swift in Sources */,
				B41A9F722C2B6EA700C8F1E3 /* DestinationSearchView.swift in Sources */,
			);
			runOnlyForDeploymentPostprocessing = 0;
		};
/* End PBXSourcesBuildPhase section */

/* Begin XCBuildConfiguration section */
		FFDCD35A2C1F554600E2142A /* Debug */ = {
			isa = XCBuildConfiguration;
			buildSettings = {
				ALWAYS_SEARCH_USER_PATHS = NO;
				ASSETCATALOG_COMPILER_GENERATE_SWIFT_ASSET_SYMBOL_EXTENSIONS = YES;
				CLANG_ANALYZER_NONNULL = YES;
				CLANG_ANALYZER_NUMBER_OBJECT_CONVERSION = YES_AGGRESSIVE;
				CLANG_CXX_LANGUAGE_STANDARD = "gnu++20";
				CLANG_ENABLE_MODULES = YES;
				CLANG_ENABLE_OBJC_ARC = YES;
				CLANG_ENABLE_OBJC_WEAK = YES;
				CLANG_WARN_BLOCK_CAPTURE_AUTORELEASING = YES;
				CLANG_WARN_BOOL_CONVERSION = YES;
				CLANG_WARN_COMMA = YES;
				CLANG_WARN_CONSTANT_CONVERSION = YES;
				CLANG_WARN_DEPRECATED_OBJC_IMPLEMENTATIONS = YES;
				CLANG_WARN_DIRECT_OBJC_ISA_USAGE = YES_ERROR;
				CLANG_WARN_DOCUMENTATION_COMMENTS = YES;
				CLANG_WARN_EMPTY_BODY = YES;
				CLANG_WARN_ENUM_CONVERSION = YES;
				CLANG_WARN_INFINITE_RECURSION = YES;
				CLANG_WARN_INT_CONVERSION = YES;
				CLANG_WARN_NON_LITERAL_NULL_CONVERSION = YES;
				CLANG_WARN_OBJC_IMPLICIT_RETAIN_SELF = YES;
				CLANG_WARN_OBJC_LITERAL_CONVERSION = YES;
				CLANG_WARN_OBJC_ROOT_CLASS = YES_ERROR;
				CLANG_WARN_QUOTED_INCLUDE_IN_FRAMEWORK_HEADER = YES;
				CLANG_WARN_RANGE_LOOP_ANALYSIS = YES;
				CLANG_WARN_STRICT_PROTOTYPES = YES;
				CLANG_WARN_SUSPICIOUS_MOVE = YES;
				CLANG_WARN_UNGUARDED_AVAILABILITY = YES_AGGRESSIVE;
				CLANG_WARN_UNREACHABLE_CODE = YES;
				CLANG_WARN__DUPLICATE_METHOD_MATCH = YES;
				COPY_PHASE_STRIP = NO;
				DEBUG_INFORMATION_FORMAT = dwarf;
				ENABLE_STRICT_OBJC_MSGSEND = YES;
				ENABLE_TESTABILITY = YES;
				ENABLE_USER_SCRIPT_SANDBOXING = YES;
				GCC_C_LANGUAGE_STANDARD = gnu17;
				GCC_DYNAMIC_NO_PIC = NO;
				GCC_NO_COMMON_BLOCKS = YES;
				GCC_OPTIMIZATION_LEVEL = 0;
				GCC_PREPROCESSOR_DEFINITIONS = (
					"DEBUG=1",
					"$(inherited)",
				);
				GCC_WARN_64_TO_32_BIT_CONVERSION = YES;
				GCC_WARN_ABOUT_RETURN_TYPE = YES_ERROR;
				GCC_WARN_UNDECLARED_SELECTOR = YES;
				GCC_WARN_UNINITIALIZED_AUTOS = YES_AGGRESSIVE;
				GCC_WARN_UNUSED_FUNCTION = YES;
				GCC_WARN_UNUSED_VARIABLE = YES;
				IPHONEOS_DEPLOYMENT_TARGET = 17.5;
				LOCALIZATION_PREFERS_STRING_CATALOGS = YES;
				MTL_ENABLE_DEBUG_INFO = INCLUDE_SOURCE;
				MTL_FAST_MATH = YES;
				ONLY_ACTIVE_ARCH = YES;
				SDKROOT = iphoneos;
				SWIFT_ACTIVE_COMPILATION_CONDITIONS = "DEBUG $(inherited)";
				SWIFT_OPTIMIZATION_LEVEL = "-Onone";
			};
			name = Debug;
		};
		FFDCD35B2C1F554600E2142A /* Release */ = {
			isa = XCBuildConfiguration;
			buildSettings = {
				ALWAYS_SEARCH_USER_PATHS = NO;
				ASSETCATALOG_COMPILER_GENERATE_SWIFT_ASSET_SYMBOL_EXTENSIONS = YES;
				CLANG_ANALYZER_NONNULL = YES;
				CLANG_ANALYZER_NUMBER_OBJECT_CONVERSION = YES_AGGRESSIVE;
				CLANG_CXX_LANGUAGE_STANDARD = "gnu++20";
				CLANG_ENABLE_MODULES = YES;
				CLANG_ENABLE_OBJC_ARC = YES;
				CLANG_ENABLE_OBJC_WEAK = YES;
				CLANG_WARN_BLOCK_CAPTURE_AUTORELEASING = YES;
				CLANG_WARN_BOOL_CONVERSION = YES;
				CLANG_WARN_COMMA = YES;
				CLANG_WARN_CONSTANT_CONVERSION = YES;
				CLANG_WARN_DEPRECATED_OBJC_IMPLEMENTATIONS = YES;
				CLANG_WARN_DIRECT_OBJC_ISA_USAGE = YES_ERROR;
				CLANG_WARN_DOCUMENTATION_COMMENTS = YES;
				CLANG_WARN_EMPTY_BODY = YES;
				CLANG_WARN_ENUM_CONVERSION = YES;
				CLANG_WARN_INFINITE_RECURSION = YES;
				CLANG_WARN_INT_CONVERSION = YES;
				CLANG_WARN_NON_LITERAL_NULL_CONVERSION = YES;
				CLANG_WARN_OBJC_IMPLICIT_RETAIN_SELF = YES;
				CLANG_WARN_OBJC_LITERAL_CONVERSION = YES;
				CLANG_WARN_OBJC_ROOT_CLASS = YES_ERROR;
				CLANG_WARN_QUOTED_INCLUDE_IN_FRAMEWORK_HEADER = YES;
				CLANG_WARN_RANGE_LOOP_ANALYSIS = YES;
				CLANG_WARN_STRICT_PROTOTYPES = YES;
				CLANG_WARN_SUSPICIOUS_MOVE = YES;
				CLANG_WARN_UNGUARDED_AVAILABILITY = YES_AGGRESSIVE;
				CLANG_WARN_UNREACHABLE_CODE = YES;
				CLANG_WARN__DUPLICATE_METHOD_MATCH = YES;
				COPY_PHASE_STRIP = NO;
				DEBUG_INFORMATION_FORMAT = "dwarf-with-dsym";
				ENABLE_NS_ASSERTIONS = NO;
				ENABLE_STRICT_OBJC_MSGSEND = YES;
				ENABLE_USER_SCRIPT_SANDBOXING = YES;
				GCC_C_LANGUAGE_STANDARD = gnu17;
				GCC_NO_COMMON_BLOCKS = YES;
				GCC_WARN_64_TO_32_BIT_CONVERSION = YES;
				GCC_WARN_ABOUT_RETURN_TYPE = YES_ERROR;
				GCC_WARN_UNDECLARED_SELECTOR = YES;
				GCC_WARN_UNINITIALIZED_AUTOS = YES_AGGRESSIVE;
				GCC_WARN_UNUSED_FUNCTION = YES;
				GCC_WARN_UNUSED_VARIABLE = YES;
				IPHONEOS_DEPLOYMENT_TARGET = 17.5;
				LOCALIZATION_PREFERS_STRING_CATALOGS = YES;
				MTL_ENABLE_DEBUG_INFO = NO;
				MTL_FAST_MATH = YES;
				SDKROOT = iphoneos;
				SWIFT_COMPILATION_MODE = wholemodule;
				VALIDATE_PRODUCT = YES;
			};
			name = Release;
		};
		FFDCD35D2C1F554600E2142A /* Debug */ = {
			isa = XCBuildConfiguration;
			buildSettings = {
				ASSETCATALOG_COMPILER_APPICON_NAME = AppIcon;
				ASSETCATALOG_COMPILER_GLOBAL_ACCENT_COLOR_NAME = AccentColor;
				CODE_SIGN_STYLE = Automatic;
				CURRENT_PROJECT_VERSION = 1;
				DEVELOPMENT_ASSET_PATHS = "\"Whooliday/Preview Content\"";
				DEVELOPMENT_TEAM = 8AE4V5DNMZ;
				ENABLE_PREVIEWS = YES;
				GENERATE_INFOPLIST_FILE = YES;
				INFOPLIST_FILE = Whooliday/Info.plist;
				INFOPLIST_KEY_UIApplicationSceneManifest_Generation = YES;
				INFOPLIST_KEY_UIApplicationSupportsIndirectInputEvents = YES;
				INFOPLIST_KEY_UILaunchScreen_Generation = YES;
				INFOPLIST_KEY_UILaunchStoryboardName = "Launch Screen.storyboard";
				INFOPLIST_KEY_UISupportedInterfaceOrientations_iPad = "UIInterfaceOrientationPortrait UIInterfaceOrientationPortraitUpsideDown UIInterfaceOrientationLandscapeLeft UIInterfaceOrientationLandscapeRight";
				INFOPLIST_KEY_UISupportedInterfaceOrientations_iPhone = "UIInterfaceOrientationPortrait UIInterfaceOrientationLandscapeLeft UIInterfaceOrientationLandscapeRight";
				LD_RUNPATH_SEARCH_PATHS = (
					"$(inherited)",
					"@executable_path/Frameworks",
				);
				MARKETING_VERSION = 1.0;
				PRODUCT_BUNDLE_IDENTIFIER = com.Whooliday;
				PRODUCT_NAME = "$(TARGET_NAME)";
				SWIFT_EMIT_LOC_STRINGS = YES;
				SWIFT_VERSION = 5.0;
				TARGETED_DEVICE_FAMILY = "1,2";
			};
			name = Debug;
		};
		FFDCD35E2C1F554600E2142A /* Release */ = {
			isa = XCBuildConfiguration;
			buildSettings = {
				ASSETCATALOG_COMPILER_APPICON_NAME = AppIcon;
				ASSETCATALOG_COMPILER_GLOBAL_ACCENT_COLOR_NAME = AccentColor;
				CODE_SIGN_STYLE = Automatic;
				CURRENT_PROJECT_VERSION = 1;
				DEVELOPMENT_ASSET_PATHS = "\"Whooliday/Preview Content\"";
				DEVELOPMENT_TEAM = 8AE4V5DNMZ;
				ENABLE_PREVIEWS = YES;
				GENERATE_INFOPLIST_FILE = YES;
				INFOPLIST_FILE = Whooliday/Info.plist;
				INFOPLIST_KEY_UIApplicationSceneManifest_Generation = YES;
				INFOPLIST_KEY_UIApplicationSupportsIndirectInputEvents = YES;
				INFOPLIST_KEY_UILaunchScreen_Generation = YES;
				INFOPLIST_KEY_UILaunchStoryboardName = "Launch Screen.storyboard";
				INFOPLIST_KEY_UISupportedInterfaceOrientations_iPad = "UIInterfaceOrientationPortrait UIInterfaceOrientationPortraitUpsideDown UIInterfaceOrientationLandscapeLeft UIInterfaceOrientationLandscapeRight";
				INFOPLIST_KEY_UISupportedInterfaceOrientations_iPhone = "UIInterfaceOrientationPortrait UIInterfaceOrientationLandscapeLeft UIInterfaceOrientationLandscapeRight";
				LD_RUNPATH_SEARCH_PATHS = (
					"$(inherited)",
					"@executable_path/Frameworks",
				);
				MARKETING_VERSION = 1.0;
				PRODUCT_BUNDLE_IDENTIFIER = com.Whooliday;
				PRODUCT_NAME = "$(TARGET_NAME)";
				SWIFT_EMIT_LOC_STRINGS = YES;
				SWIFT_VERSION = 5.0;
				TARGETED_DEVICE_FAMILY = "1,2";
			};
			name = Release;
		};
/* End XCBuildConfiguration section */

/* Begin XCConfigurationList section */
		FFDCD3332C1F554300E2142A /* Build configuration list for PBXProject "Whooliday" */ = {
			isa = XCConfigurationList;
			buildConfigurations = (
				FFDCD35A2C1F554600E2142A /* Debug */,
				FFDCD35B2C1F554600E2142A /* Release */,
			);
			defaultConfigurationIsVisible = 0;
			defaultConfigurationName = Release;
		};
		FFDCD35C2C1F554600E2142A /* Build configuration list for PBXNativeTarget "Whooliday" */ = {
			isa = XCConfigurationList;
			buildConfigurations = (
				FFDCD35D2C1F554600E2142A /* Debug */,
				FFDCD35E2C1F554600E2142A /* Release */,
			);
			defaultConfigurationIsVisible = 0;
			defaultConfigurationName = Release;
		};
/* End XCConfigurationList section */

/* Begin XCRemoteSwiftPackageReference section */
		6C39E1492C226B3400B83BBD /* XCRemoteSwiftPackageReference "firebase-ios-sdk" */ = {
			isa = XCRemoteSwiftPackageReference;
			repositoryURL = "https://github.com/firebase/firebase-ios-sdk";
			requirement = {
				kind = upToNextMajorVersion;
				minimumVersion = 10.28.0;
			};
		};
		6CC6B4C32C23709500B34008 /* XCRemoteSwiftPackageReference "GoogleSignIn-iOS" */ = {
			isa = XCRemoteSwiftPackageReference;
			repositoryURL = "https://github.com/google/GoogleSignIn-iOS.git";
			requirement = {
				kind = upToNextMajorVersion;
				minimumVersion = 7.1.0;
			};
		};
		FF082CFB2C206B8400055F9A /* XCRemoteSwiftPackageReference "rive-ios" */ = {
			isa = XCRemoteSwiftPackageReference;
			repositoryURL = "https://github.com/rive-app/rive-ios";
			requirement = {
				kind = upToNextMajorVersion;
				minimumVersion = 5.13.2;
			};
		};
		FF620E1E2C2B029F006371DF /* XCRemoteSwiftPackageReference "ChartView" */ = {
			isa = XCRemoteSwiftPackageReference;
			repositoryURL = "https://github.com/AppPear/ChartView";
			requirement = {
				kind = upToNextMajorVersion;
				minimumVersion = 1.5.5;
			};
		};
		FF7AAFC52C21CF7C0080E20F /* XCRemoteSwiftPackageReference "lottie-ios" */ = {
			isa = XCRemoteSwiftPackageReference;
			repositoryURL = "https://github.com/airbnb/lottie-ios.git";
			requirement = {
				branch = master;
				kind = branch;
			};
		};
/* End XCRemoteSwiftPackageReference section */

/* Begin XCSwiftPackageProductDependency section */
		6C39E14A2C226B3400B83BBD /* FirebaseAuth */ = {
			isa = XCSwiftPackageProductDependency;
			package = 6C39E1492C226B3400B83BBD /* XCRemoteSwiftPackageReference "firebase-ios-sdk" */;
			productName = FirebaseAuth;
		};
		6C39E14C2C226B3400B83BBD /* FirebaseFirestore */ = {
			isa = XCSwiftPackageProductDependency;
			package = 6C39E1492C226B3400B83BBD /* XCRemoteSwiftPackageReference "firebase-ios-sdk" */;
			productName = FirebaseFirestore;
		};
		6C39E14E2C226B3400B83BBD /* FirebaseFirestoreSwift */ = {
			isa = XCSwiftPackageProductDependency;
			package = 6C39E1492C226B3400B83BBD /* XCRemoteSwiftPackageReference "firebase-ios-sdk" */;
			productName = FirebaseFirestoreSwift;
		};
		6C39E1502C226B3400B83BBD /* FirebaseStorage */ = {
			isa = XCSwiftPackageProductDependency;
			package = 6C39E1492C226B3400B83BBD /* XCRemoteSwiftPackageReference "firebase-ios-sdk" */;
			productName = FirebaseStorage;
		};
		6CC6B4C42C23709600B34008 /* GoogleSignIn */ = {
			isa = XCSwiftPackageProductDependency;
			package = 6CC6B4C32C23709500B34008 /* XCRemoteSwiftPackageReference "GoogleSignIn-iOS" */;
			productName = GoogleSignIn;
		};
		6CC6B4C62C23709600B34008 /* GoogleSignInSwift */ = {
			isa = XCSwiftPackageProductDependency;
			package = 6CC6B4C32C23709500B34008 /* XCRemoteSwiftPackageReference "GoogleSignIn-iOS" */;
			productName = GoogleSignInSwift;
		};
		FF082CFC2C206D1D00055F9A /* RiveRuntime */ = {
			isa = XCSwiftPackageProductDependency;
			package = FF082CFB2C206B8400055F9A /* XCRemoteSwiftPackageReference "rive-ios" */;
			productName = RiveRuntime;
		};
		FF620E1F2C2B02A0006371DF /* SwiftUICharts */ = {
			isa = XCSwiftPackageProductDependency;
			package = FF620E1E2C2B029F006371DF /* XCRemoteSwiftPackageReference "ChartView" */;
			productName = SwiftUICharts;
		};
		FF7AAFC62C21CF7C0080E20F /* Lottie */ = {
			isa = XCSwiftPackageProductDependency;
			package = FF7AAFC52C21CF7C0080E20F /* XCRemoteSwiftPackageReference "lottie-ios" */;
			productName = Lottie;
		};
/* End XCSwiftPackageProductDependency section */
	};
	rootObject = FFDCD3302C1F554300E2142A /* Project object */;
}
