// !$*UTF8*$!
{
	archiveVersion = 1;
	classes = {
	};
	objectVersion = 56;
	objects = {

/* Begin PBXBuildFile section */
		6C39E14B2C226B3400B83BBD /* FirebaseAuth in Frameworks */ = {isa = PBXBuildFile; productRef = 6C39E14A2C226B3400B83BBD /* FirebaseAuth */; };
		6C39E14D2C226B3400B83BBD /* FirebaseFirestore in Frameworks */ = {isa = PBXBuildFile; productRef = 6C39E14C2C226B3400B83BBD /* FirebaseFirestore */; };
		6C39E14F2C226B3400B83BBD /* FirebaseFirestoreSwift in Frameworks */ = {isa = PBXBuildFile; productRef = 6C39E14E2C226B3400B83BBD /* FirebaseFirestoreSwift */; };
		6C39E1512C226B3400B83BBD /* FirebaseStorage in Frameworks */ = {isa = PBXBuildFile; productRef = 6C39E1502C226B3400B83BBD /* FirebaseStorage */; };
		6C39E1542C226D4800B83BBD /* SigninView.swift in Sources */ = {isa = PBXBuildFile; fileRef = 6C39E1532C226D4800B83BBD /* SigninView.swift */; };
		6C39E1582C2273E500B83BBD /* AuthModel.swift in Sources */ = {isa = PBXBuildFile; fileRef = 6C39E1572C2273E500B83BBD /* AuthModel.swift */; };
		6C39E15D2C227C9300B83BBD /* SignupView.swift in Sources */ = {isa = PBXBuildFile; fileRef = 6C39E15C2C227C9300B83BBD /* SignupView.swift */; };
		6C39E1602C227E8D00B83BBD /* User.swift in Sources */ = {isa = PBXBuildFile; fileRef = 6C39E15F2C227E8D00B83BBD /* User.swift */; };
		6C95A52C2C2480E00098ECAC /* FavoritesModel.swift in Sources */ = {isa = PBXBuildFile; fileRef = 6C95A52B2C2480E00098ECAC /* FavoritesModel.swift */; };
		6C95A52E2C248BEA0098ECAC /* Favorites.swift in Sources */ = {isa = PBXBuildFile; fileRef = 6C95A52D2C248BEA0098ECAC /* Favorites.swift */; };
		6CAB273E2C29BCDC00122C3E /* ShimmeringView.swift in Sources */ = {isa = PBXBuildFile; fileRef = 6CAB273D2C29BCDC00122C3E /* ShimmeringView.swift */; };
		6CAB27472C2A319900122C3E /* ProfileViewModel.swift in Sources */ = {isa = PBXBuildFile; fileRef = 6CAB27462C2A319900122C3E /* ProfileViewModel.swift */; };
		6CAB27492C2A381300122C3E /* Country.swift in Sources */ = {isa = PBXBuildFile; fileRef = 6CAB27482C2A381300122C3E /* Country.swift */; };
		6CAB274B2C2A38C000122C3E /* Currency.swift in Sources */ = {isa = PBXBuildFile; fileRef = 6CAB274A2C2A38C000122C3E /* Currency.swift */; };
		6CAB274D2C2A504E00122C3E /* ProfileView.swift in Sources */ = {isa = PBXBuildFile; fileRef = 6CAB274C2C2A504E00122C3E /* ProfileView.swift */; };
		6CC6B4C52C23709600B34008 /* GoogleSignIn in Frameworks */ = {isa = PBXBuildFile; productRef = 6CC6B4C42C23709600B34008 /* GoogleSignIn */; };
		6CC6B4C72C23709600B34008 /* GoogleSignInSwift in Frameworks */ = {isa = PBXBuildFile; productRef = 6CC6B4C62C23709600B34008 /* GoogleSignInSwift */; };
		6CC6B4C92C2372CC00B34008 /* GoogleService-Info.plist in Resources */ = {isa = PBXBuildFile; fileRef = 6CC6B4C82C2372CC00B34008 /* GoogleService-Info.plist */; };
		6CC6B4CC2C237BD400B34008 /* Utilities.swift in Sources */ = {isa = PBXBuildFile; fileRef = 6CC6B4CB2C237BD400B34008 /* Utilities.swift */; };
		6CC6B4CE2C23B4A900B34008 /* beach.json in Resources */ = {isa = PBXBuildFile; fileRef = 6CC6B4CD2C23B4A900B34008 /* beach.json */; };
		B41A9F622C2B6D4400C8F1E3 /* Listing.swift in Sources */ = {isa = PBXBuildFile; fileRef = B41A9F612C2B6D4400C8F1E3 /* Listing.swift */; };
		B41A9F642C2B6D7D00C8F1E3 /* ListingDetailView.swift in Sources */ = {isa = PBXBuildFile; fileRef = B41A9F632C2B6D7D00C8F1E3 /* ListingDetailView.swift */; };
		B41A9F682C2B6DB600C8F1E3 /* CompactListingView.swift in Sources */ = {isa = PBXBuildFile; fileRef = B41A9F672C2B6DB600C8F1E3 /* CompactListingView.swift */; };
		B41A9F6A2C2B6E0F00C8F1E3 /* MockExploreService.swift in Sources */ = {isa = PBXBuildFile; fileRef = B41A9F692C2B6E0F00C8F1E3 /* MockExploreService.swift */; };
		B41A9F6C2C2B6E3E00C8F1E3 /* ExploreService.swift in Sources */ = {isa = PBXBuildFile; fileRef = B41A9F6B2C2B6E3E00C8F1E3 /* ExploreService.swift */; };
		B41A9F6E2C2B6E5E00C8F1E3 /* SearchAndFilterBar.swift in Sources */ = {isa = PBXBuildFile; fileRef = B41A9F6D2C2B6E5E00C8F1E3 /* SearchAndFilterBar.swift */; };
		B41A9F702C2B6E8B00C8F1E3 /* LoadingView.swift in Sources */ = {isa = PBXBuildFile; fileRef = B41A9F6F2C2B6E8B00C8F1E3 /* LoadingView.swift */; };
		B41A9F722C2B6EA700C8F1E3 /* DestinationSearchView.swift in Sources */ = {isa = PBXBuildFile; fileRef = B41A9F712C2B6EA700C8F1E3 /* DestinationSearchView.swift */; };
		B41A9F742C2B6EBE00C8F1E3 /* ExploreView.swift in Sources */ = {isa = PBXBuildFile; fileRef = B41A9F732C2B6EBE00C8F1E3 /* ExploreView.swift */; };
		B41A9F782C2B6F2300C8F1E3 /* ExploreViewModel.swift in Sources */ = {isa = PBXBuildFile; fileRef = B41A9F772C2B6F2300C8F1E3 /* ExploreViewModel.swift */; };
		B42A44DE2C36822A00433683 /* WeatherService.swift in Sources */ = {isa = PBXBuildFile; fileRef = B42A44DD2C36822A00433683 /* WeatherService.swift */; };
		B42A44F32C3C81F500433683 /* ErrorView.swift in Sources */ = {isa = PBXBuildFile; fileRef = B42A44F22C3C81F500433683 /* ErrorView.swift */; };
		B42A44F52C3D17B100433683 /* HomeViewModelTest.swift in Sources */ = {isa = PBXBuildFile; fileRef = B42A44F42C3D17B100433683 /* HomeViewModelTest.swift */; };
		B42A44F72C3D22DE00433683 /* FirebaseManagerTest.swift in Sources */ = {isa = PBXBuildFile; fileRef = B42A44F62C3D22DE00433683 /* FirebaseManagerTest.swift */; };
		B42A44F92C3D287B00433683 /* WeatherServiceTest.swift in Sources */ = {isa = PBXBuildFile; fileRef = B42A44F82C3D287B00433683 /* WeatherServiceTest.swift */; };
		B42A45022C3D77CE00433683 /* Localizable.strings in Resources */ = {isa = PBXBuildFile; fileRef = B42A45002C3D77CE00433683 /* Localizable.strings */; };
		B42A450D2C3EC02200433683 /* FavoriteModelTest.swift in Sources */ = {isa = PBXBuildFile; fileRef = B42A450C2C3EC02200433683 /* FavoriteModelTest.swift */; };
		B42A450F2C3EC65000433683 /* AuthModelTest.swift in Sources */ = {isa = PBXBuildFile; fileRef = B42A450E2C3EC65000433683 /* AuthModelTest.swift */; };
		B42A45132C3EC99200433683 /* ProfileModelTest.swift in Sources */ = {isa = PBXBuildFile; fileRef = B42A45122C3EC99200433683 /* ProfileModelTest.swift */; };
		B42A45652C3EDD6300433683 /* RiveRuntime in Frameworks */ = {isa = PBXBuildFile; productRef = B42A45642C3EDD6300433683 /* RiveRuntime */; };
		B42A45672C3EDD6300433683 /* Lottie in Frameworks */ = {isa = PBXBuildFile; productRef = B42A45662C3EDD6300433683 /* Lottie */; };
		B42A45692C3EDD6300433683 /* FirebaseAnalytics in Frameworks */ = {isa = PBXBuildFile; productRef = B42A45682C3EDD6300433683 /* FirebaseAnalytics */; };
		B42A456B2C3EDD6300433683 /* FirebaseAnalyticsOnDeviceConversion in Frameworks */ = {isa = PBXBuildFile; productRef = B42A456A2C3EDD6300433683 /* FirebaseAnalyticsOnDeviceConversion */; };
		B42A456D2C3EDD6300433683 /* FirebaseAnalyticsSwift in Frameworks */ = {isa = PBXBuildFile; productRef = B42A456C2C3EDD6300433683 /* FirebaseAnalyticsSwift */; };
		B42A456F2C3EDD6300433683 /* FirebaseAnalyticsWithoutAdIdSupport in Frameworks */ = {isa = PBXBuildFile; productRef = B42A456E2C3EDD6300433683 /* FirebaseAnalyticsWithoutAdIdSupport */; };
		B42A45712C3EDD6300433683 /* FirebaseAppCheck in Frameworks */ = {isa = PBXBuildFile; productRef = B42A45702C3EDD6300433683 /* FirebaseAppCheck */; };
		B42A45732C3EDD6300433683 /* FirebaseAppDistribution-Beta in Frameworks */ = {isa = PBXBuildFile; productRef = B42A45722C3EDD6300433683 /* FirebaseAppDistribution-Beta */; };
		B42A45752C3EDD6300433683 /* FirebaseAuth in Frameworks */ = {isa = PBXBuildFile; productRef = B42A45742C3EDD6300433683 /* FirebaseAuth */; };
		B42A45772C3EDD6300433683 /* FirebaseAuthCombine-Community in Frameworks */ = {isa = PBXBuildFile; productRef = B42A45762C3EDD6300433683 /* FirebaseAuthCombine-Community */; };
		B42A45792C3EDD6300433683 /* FirebaseCrashlytics in Frameworks */ = {isa = PBXBuildFile; productRef = B42A45782C3EDD6300433683 /* FirebaseCrashlytics */; };
		B42A457B2C3EDD6300433683 /* FirebaseDatabase in Frameworks */ = {isa = PBXBuildFile; productRef = B42A457A2C3EDD6300433683 /* FirebaseDatabase */; };
		B42A457D2C3EDD6300433683 /* FirebaseDatabaseSwift in Frameworks */ = {isa = PBXBuildFile; productRef = B42A457C2C3EDD6300433683 /* FirebaseDatabaseSwift */; };
		B42A457F2C3EDD6300433683 /* FirebaseDynamicLinks in Frameworks */ = {isa = PBXBuildFile; productRef = B42A457E2C3EDD6300433683 /* FirebaseDynamicLinks */; };
		B42A45812C3EDD6300433683 /* FirebaseFirestore in Frameworks */ = {isa = PBXBuildFile; productRef = B42A45802C3EDD6300433683 /* FirebaseFirestore */; };
		B42A45832C3EDD6300433683 /* FirebaseFirestoreCombine-Community in Frameworks */ = {isa = PBXBuildFile; productRef = B42A45822C3EDD6300433683 /* FirebaseFirestoreCombine-Community */; };
		B42A45852C3EDD6300433683 /* FirebaseFirestoreSwift in Frameworks */ = {isa = PBXBuildFile; productRef = B42A45842C3EDD6300433683 /* FirebaseFirestoreSwift */; };
		B42A45872C3EDD6300433683 /* FirebaseFunctions in Frameworks */ = {isa = PBXBuildFile; productRef = B42A45862C3EDD6300433683 /* FirebaseFunctions */; };
		B42A45892C3EDD6300433683 /* FirebaseFunctionsCombine-Community in Frameworks */ = {isa = PBXBuildFile; productRef = B42A45882C3EDD6300433683 /* FirebaseFunctionsCombine-Community */; };
		B42A458B2C3EDD6300433683 /* FirebaseInAppMessaging-Beta in Frameworks */ = {isa = PBXBuildFile; productRef = B42A458A2C3EDD6300433683 /* FirebaseInAppMessaging-Beta */; };
		B42A458D2C3EDD6300433683 /* FirebaseInAppMessagingSwift-Beta in Frameworks */ = {isa = PBXBuildFile; productRef = B42A458C2C3EDD6300433683 /* FirebaseInAppMessagingSwift-Beta */; };
		B42A458F2C3EDD6300433683 /* FirebaseInstallations in Frameworks */ = {isa = PBXBuildFile; productRef = B42A458E2C3EDD6300433683 /* FirebaseInstallations */; };
		B42A45912C3EDD6300433683 /* FirebaseMessaging in Frameworks */ = {isa = PBXBuildFile; productRef = B42A45902C3EDD6300433683 /* FirebaseMessaging */; };
		B42A45932C3EDD6300433683 /* FirebaseMLModelDownloader in Frameworks */ = {isa = PBXBuildFile; productRef = B42A45922C3EDD6300433683 /* FirebaseMLModelDownloader */; };
		B42A45952C3EDD6300433683 /* FirebasePerformance in Frameworks */ = {isa = PBXBuildFile; productRef = B42A45942C3EDD6300433683 /* FirebasePerformance */; };
		B42A45972C3EDD6300433683 /* FirebaseRemoteConfig in Frameworks */ = {isa = PBXBuildFile; productRef = B42A45962C3EDD6300433683 /* FirebaseRemoteConfig */; };
		B42A45992C3EDD6300433683 /* FirebaseRemoteConfigSwift in Frameworks */ = {isa = PBXBuildFile; productRef = B42A45982C3EDD6300433683 /* FirebaseRemoteConfigSwift */; };
		B42A459B2C3EDD6300433683 /* FirebaseStorage in Frameworks */ = {isa = PBXBuildFile; productRef = B42A459A2C3EDD6300433683 /* FirebaseStorage */; };
		B42A459D2C3EDD6300433683 /* FirebaseStorageCombine-Community in Frameworks */ = {isa = PBXBuildFile; productRef = B42A459C2C3EDD6300433683 /* FirebaseStorageCombine-Community */; };
		B42A459F2C3EDD6300433683 /* FirebaseVertexAI-Preview in Frameworks */ = {isa = PBXBuildFile; productRef = B42A459E2C3EDD6300433683 /* FirebaseVertexAI-Preview */; };
		B42A45A12C3EDD6300433683 /* GoogleSignIn in Frameworks */ = {isa = PBXBuildFile; productRef = B42A45A02C3EDD6300433683 /* GoogleSignIn */; };
		B42A45A32C3EDD6300433683 /* GoogleSignInSwift in Frameworks */ = {isa = PBXBuildFile; productRef = B42A45A22C3EDD6300433683 /* GoogleSignInSwift */; };
		B42A45A52C3EDE2600433683 /* HomeViewUITest.swift in Sources */ = {isa = PBXBuildFile; fileRef = B42A45A42C3EDE2600433683 /* HomeViewUITest.swift */; };
		B42A45A92C3EE92600433683 /* HomeViewTest.swift in Sources */ = {isa = PBXBuildFile; fileRef = B42A45A82C3EE92600433683 /* HomeViewTest.swift */; };
		B42A45AD2C3F1C1E00433683 /* ListingDetailViewTest.swift in Sources */ = {isa = PBXBuildFile; fileRef = B42A45AC2C3F1C1E00433683 /* ListingDetailViewTest.swift */; };
		B42A45B12C3FCEFE00433683 /* PriceChartViewTest.swift in Sources */ = {isa = PBXBuildFile; fileRef = B42A45B02C3FCEFE00433683 /* PriceChartViewTest.swift */; };
		B42A45B32C3FD0C000433683 /* ExploreViewTest.swift in Sources */ = {isa = PBXBuildFile; fileRef = B42A45B22C3FD0C000433683 /* ExploreViewTest.swift */; };
		B42A45B92C3FDCE300433683 /* SearchInputSearchUITest.swift in Sources */ = {isa = PBXBuildFile; fileRef = B42A45B82C3FDCE300433683 /* SearchInputSearchUITest.swift */; };
		B42A45BB2C400CAB00433683 /* ListingImageCarouseViewUITest.swift in Sources */ = {isa = PBXBuildFile; fileRef = B42A45BA2C400CAB00433683 /* ListingImageCarouseViewUITest.swift */; };
		B42A45BF2C40107900433683 /* LoadingViewUITest.swift in Sources */ = {isa = PBXBuildFile; fileRef = B42A45BE2C40107900433683 /* LoadingViewUITest.swift */; };
		B42A45C12C40162200433683 /* ListingItemViewUITest.swift in Sources */ = {isa = PBXBuildFile; fileRef = B42A45C02C40162200433683 /* ListingItemViewUITest.swift */; };
		B42A45C32C401C2E00433683 /* SignInViewUITest.swift in Sources */ = {isa = PBXBuildFile; fileRef = B42A45C22C401C2E00433683 /* SignInViewUITest.swift */; };
		B42A45C52C40211300433683 /* ProfileViewUITest.swift in Sources */ = {isa = PBXBuildFile; fileRef = B42A45C42C40211300433683 /* ProfileViewUITest.swift */; };
		B42A45C72C40370D00433683 /* FavoritesView.swift in Sources */ = {isa = PBXBuildFile; fileRef = B42A45C62C40370D00433683 /* FavoritesView.swift */; };
		B43E786E2C2EA4F5009D5233 /* BookingSymbols.swift in Sources */ = {isa = PBXBuildFile; fileRef = B43E786D2C2EA4F5009D5233 /* BookingSymbols.swift */; };
		B4572E942C3188E000324B4F /* FirebaseManager.swift in Sources */ = {isa = PBXBuildFile; fileRef = B4572E932C3188E000324B4F /* FirebaseManager.swift */; };
		B4572E9C2C33E23800324B4F /* ListingFavoriteView.swift in Sources */ = {isa = PBXBuildFile; fileRef = B4572E9B2C33E23800324B4F /* ListingFavoriteView.swift */; };
		B4572E9E2C33F79000324B4F /* CityDetails.swift in Sources */ = {isa = PBXBuildFile; fileRef = B4572E9D2C33F79000324B4F /* CityDetails.swift */; };
		B4572EA22C3492EA00324B4F /* FilterModel.swift in Sources */ = {isa = PBXBuildFile; fileRef = B4572EA12C3492EA00324B4F /* FilterModel.swift */; };
		B482FAAE2C2B823E00D6A0E2 /* HomeView.swift in Sources */ = {isa = PBXBuildFile; fileRef = B482FAAD2C2B823E00D6A0E2 /* HomeView.swift */; };
		B482FAB02C2B8B1400D6A0E2 /* CardViewBig.swift in Sources */ = {isa = PBXBuildFile; fileRef = B482FAAF2C2B8B1400D6A0E2 /* CardViewBig.swift */; };
		B482FAB22C2C0A4900D6A0E2 /* CardViewSmall.swift in Sources */ = {isa = PBXBuildFile; fileRef = B482FAB12C2C0A4900D6A0E2 /* CardViewSmall.swift */; };
		B482FAB62C2C14AC00D6A0E2 /* HomeViewModel.swift in Sources */ = {isa = PBXBuildFile; fileRef = B482FAB52C2C14AC00D6A0E2 /* HomeViewModel.swift */; };
		B4D2B5602C4508DE00CE061E /* CountryTest.swift in Sources */ = {isa = PBXBuildFile; fileRef = B4D2B55F2C4508DE00CE061E /* CountryTest.swift */; };
		B4D2B5622C45099100CE061E /* UtilityTest.swift in Sources */ = {isa = PBXBuildFile; fileRef = B4D2B5612C45099100CE061E /* UtilityTest.swift */; };
		B4D2B5642C4509E300CE061E /* CurrencyTest.swift in Sources */ = {isa = PBXBuildFile; fileRef = B4D2B5632C4509E300CE061E /* CurrencyTest.swift */; };
		B4D2B5672C450A7A00CE061E /* ListingTest.swift in Sources */ = {isa = PBXBuildFile; fileRef = B4D2B5662C450A7A00CE061E /* ListingTest.swift */; };
		B4D2B5692C450A9A00CE061E /* UserTest.swift in Sources */ = {isa = PBXBuildFile; fileRef = B4D2B5682C450A9A00CE061E /* UserTest.swift */; };
		B4D2B56B2C450AE100CE061E /* FavoritesTest.swift in Sources */ = {isa = PBXBuildFile; fileRef = B4D2B56A2C450AE100CE061E /* FavoritesTest.swift */; };
		B4D2B56D2C450BCA00CE061E /* FavoritesUITest.swift in Sources */ = {isa = PBXBuildFile; fileRef = B4D2B56C2C450BCA00CE061E /* FavoritesUITest.swift */; };
		B4F722942C2D72E700D40AAB /* CalendarView.swift in Sources */ = {isa = PBXBuildFile; fileRef = B4F722932C2D72E700D40AAB /* CalendarView.swift */; };
		B4F722962C2D91FA00D40AAB /* loading.json in Resources */ = {isa = PBXBuildFile; fileRef = B4F722952C2D91FA00D40AAB /* loading.json */; };
		B4F722982C2D924B00D40AAB /* FilterView.swift in Sources */ = {isa = PBXBuildFile; fileRef = B4F722972C2D924B00D40AAB /* FilterView.swift */; };
		B4F7229E2C2DA67100D40AAB /* AddFilterView.swift in Sources */ = {isa = PBXBuildFile; fileRef = B4F7229D2C2DA67100D40AAB /* AddFilterView.swift */; };
		FF082CFD2C206D1D00055F9A /* RiveRuntime in Frameworks */ = {isa = PBXBuildFile; productRef = FF082CFC2C206D1D00055F9A /* RiveRuntime */; };
		FF620DFF2C2ACF7B006371DF /* ShimmeringViewDetail.swift in Sources */ = {isa = PBXBuildFile; fileRef = FF620DFE2C2ACF7B006371DF /* ShimmeringViewDetail.swift */; };
		FF620E032C2ACF86006371DF /* ExploreDetailService.swift in Sources */ = {isa = PBXBuildFile; fileRef = FF620E022C2ACF86006371DF /* ExploreDetailService.swift */; };
		FF620E052C2ACF90006371DF /* ListingItemView.swift in Sources */ = {isa = PBXBuildFile; fileRef = FF620E042C2ACF90006371DF /* ListingItemView.swift */; };
		FF620E0F2C2ACFBC006371DF /* PriceChartView.swift in Sources */ = {isa = PBXBuildFile; fileRef = FF620E0E2C2ACFBC006371DF /* PriceChartView.swift */; };
		FF620E202C2B02A0006371DF /* SwiftUICharts in Frameworks */ = {isa = PBXBuildFile; productRef = FF620E1F2C2B02A0006371DF /* SwiftUICharts */; };
		FF7AAFA12C20E6640080E20F /* welcomeButton.riv in Resources */ = {isa = PBXBuildFile; fileRef = FF7AAFA02C20E6640080E20F /* welcomeButton.riv */; };
		FF7AAFA82C21699A0080E20F /* Inter-Regular.ttf in Resources */ = {isa = PBXBuildFile; fileRef = FF7AAFA42C21699A0080E20F /* Inter-Regular.ttf */; };
		FF7AAFA92C21699A0080E20F /* Inter-SemiBold.ttf in Resources */ = {isa = PBXBuildFile; fileRef = FF7AAFA52C21699A0080E20F /* Inter-SemiBold.ttf */; };
		FF7AAFAA2C21699A0080E20F /* Poppins-Bold.ttf in Resources */ = {isa = PBXBuildFile; fileRef = FF7AAFA62C21699A0080E20F /* Poppins-Bold.ttf */; };
		FF7AAFAE2C2170D00080E20F /* logo.svg in Resources */ = {isa = PBXBuildFile; fileRef = FF7AAFAC2C2170C70080E20F /* logo.svg */; };
		FF7AAFB42C2176320080E20F /* TT-Regular.ttf in Resources */ = {isa = PBXBuildFile; fileRef = FF7AAFB32C2176320080E20F /* TT-Regular.ttf */; };
		FF7AAFB62C2176BC0080E20F /* TT-SemiBold.ttf in Resources */ = {isa = PBXBuildFile; fileRef = FF7AAFB52C2176BC0080E20F /* TT-SemiBold.ttf */; };
		FF7AAFB82C2177B60080E20F /* TT Hoves Pro Trial Bold.ttf in Resources */ = {isa = PBXBuildFile; fileRef = FF7AAFB72C2177B60080E20F /* TT Hoves Pro Trial Bold.ttf */; };
		FF7AAFC22C218CD60080E20F /* pag1.riv in Resources */ = {isa = PBXBuildFile; fileRef = FF7AAFC12C218CD60080E20F /* pag1.riv */; };
		FF7AAFC42C21C9580080E20F /* WelcomeView2.swift in Sources */ = {isa = PBXBuildFile; fileRef = FF7AAFC32C21C9580080E20F /* WelcomeView2.swift */; };
		FF7AAFC72C21CF7C0080E20F /* Lottie in Frameworks */ = {isa = PBXBuildFile; productRef = FF7AAFC62C21CF7C0080E20F /* Lottie */; };
		FF7AAFCD2C21D4260080E20F /* beach.lottie in Resources */ = {isa = PBXBuildFile; fileRef = FF7AAFCC2C21D4260080E20F /* beach.lottie */; };
		FF8ABCE92C22C3D100E57A80 /* SplashScreenView.swift in Sources */ = {isa = PBXBuildFile; fileRef = FF8ABCE82C22C3D100E57A80 /* SplashScreenView.swift */; };
		FF8ABCEB2C22C3F100E57A80 /* introSplash.riv in Resources */ = {isa = PBXBuildFile; fileRef = FF8ABCEA2C22C3F100E57A80 /* introSplash.riv */; };
		FF92C1C42C27335400D2CA45 /* ListingImageCarouseView.swift in Sources */ = {isa = PBXBuildFile; fileRef = FF92C1BB2C27335400D2CA45 /* ListingImageCarouseView.swift */; };
		FF932EF42C20D92300613637 /* WelcomeView1.swift in Sources */ = {isa = PBXBuildFile; fileRef = FF932EF32C20D92300613637 /* WelcomeView1.swift */; };
		FFDCD33C2C1F554300E2142A /* WhoolidayApp.swift in Sources */ = {isa = PBXBuildFile; fileRef = FFDCD33B2C1F554300E2142A /* WhoolidayApp.swift */; };
		FFDCD3402C1F554500E2142A /* Assets.xcassets in Resources */ = {isa = PBXBuildFile; fileRef = FFDCD33F2C1F554500E2142A /* Assets.xcassets */; };
		FFDCD3432C1F554500E2142A /* Preview Assets.xcassets in Resources */ = {isa = PBXBuildFile; fileRef = FFDCD3422C1F554500E2142A /* Preview Assets.xcassets */; };
		FFDCD3682C2023A100E2142A /* Launch Screen.storyboard in Resources */ = {isa = PBXBuildFile; fileRef = FFDCD3672C2023A100E2142A /* Launch Screen.storyboard */; };
		FFDCD3702C20261F00E2142A /* ContainerView.swift in Sources */ = {isa = PBXBuildFile; fileRef = FFDCD36F2C20261F00E2142A /* ContainerView.swift */; };
/* End PBXBuildFile section */

/* Begin PBXContainerItemProxy section */
		B42A44E72C37EE9D00433683 /* PBXContainerItemProxy */ = {
			isa = PBXContainerItemProxy;
			containerPortal = FFDCD3302C1F554300E2142A /* Project object */;
			proxyType = 1;
			remoteGlobalIDString = FFDCD3372C1F554300E2142A;
			remoteInfo = Whooliday;
		};
		B42A451E2C3ED4E100433683 /* PBXContainerItemProxy */ = {
			isa = PBXContainerItemProxy;
			containerPortal = FFDCD3302C1F554300E2142A /* Project object */;
			proxyType = 1;
			remoteGlobalIDString = FFDCD3372C1F554300E2142A;
			remoteInfo = Whooliday;
		};
/* End PBXContainerItemProxy section */

/* Begin PBXFileReference section */
		6C39E1532C226D4800B83BBD /* SigninView.swift */ = {isa = PBXFileReference; lastKnownFileType = sourcecode.swift; path = SigninView.swift; sourceTree = "<group>"; };
		6C39E1572C2273E500B83BBD /* AuthModel.swift */ = {isa = PBXFileReference; lastKnownFileType = sourcecode.swift; path = AuthModel.swift; sourceTree = "<group>"; };
		6C39E15C2C227C9300B83BBD /* SignupView.swift */ = {isa = PBXFileReference; lastKnownFileType = sourcecode.swift; path = SignupView.swift; sourceTree = "<group>"; };
		6C39E15F2C227E8D00B83BBD /* User.swift */ = {isa = PBXFileReference; lastKnownFileType = sourcecode.swift; path = User.swift; sourceTree = "<group>"; };
		6C95A52B2C2480E00098ECAC /* FavoritesModel.swift */ = {isa = PBXFileReference; lastKnownFileType = sourcecode.swift; path = FavoritesModel.swift; sourceTree = "<group>"; };
		6C95A52D2C248BEA0098ECAC /* Favorites.swift */ = {isa = PBXFileReference; lastKnownFileType = sourcecode.swift; path = Favorites.swift; sourceTree = "<group>"; };
		6CAB273D2C29BCDC00122C3E /* ShimmeringView.swift */ = {isa = PBXFileReference; lastKnownFileType = sourcecode.swift; path = ShimmeringView.swift; sourceTree = "<group>"; };
		6CAB27462C2A319900122C3E /* ProfileViewModel.swift */ = {isa = PBXFileReference; lastKnownFileType = sourcecode.swift; path = ProfileViewModel.swift; sourceTree = "<group>"; };
		6CAB27482C2A381300122C3E /* Country.swift */ = {isa = PBXFileReference; lastKnownFileType = sourcecode.swift; path = Country.swift; sourceTree = "<group>"; };
		6CAB274A2C2A38C000122C3E /* Currency.swift */ = {isa = PBXFileReference; lastKnownFileType = sourcecode.swift; path = Currency.swift; sourceTree = "<group>"; };
		6CAB274C2C2A504E00122C3E /* ProfileView.swift */ = {isa = PBXFileReference; lastKnownFileType = sourcecode.swift; path = ProfileView.swift; sourceTree = "<group>"; };
		6CC6B4C82C2372CC00B34008 /* GoogleService-Info.plist */ = {isa = PBXFileReference; fileEncoding = 4; lastKnownFileType = text.plist.xml; path = "GoogleService-Info.plist"; sourceTree = "<group>"; };
		6CC6B4CB2C237BD400B34008 /* Utilities.swift */ = {isa = PBXFileReference; lastKnownFileType = sourcecode.swift; path = Utilities.swift; sourceTree = "<group>"; };
		6CC6B4CD2C23B4A900B34008 /* beach.json */ = {isa = PBXFileReference; fileEncoding = 4; lastKnownFileType = text.json; path = beach.json; sourceTree = "<group>"; };
		B41A9F612C2B6D4400C8F1E3 /* Listing.swift */ = {isa = PBXFileReference; fileEncoding = 4; lastKnownFileType = sourcecode.swift; path = Listing.swift; sourceTree = "<group>"; };
		B41A9F632C2B6D7D00C8F1E3 /* ListingDetailView.swift */ = {isa = PBXFileReference; fileEncoding = 4; lastKnownFileType = sourcecode.swift; path = ListingDetailView.swift; sourceTree = "<group>"; };
		B41A9F672C2B6DB600C8F1E3 /* CompactListingView.swift */ = {isa = PBXFileReference; fileEncoding = 4; lastKnownFileType = sourcecode.swift; path = CompactListingView.swift; sourceTree = "<group>"; };
		B41A9F692C2B6E0F00C8F1E3 /* MockExploreService.swift */ = {isa = PBXFileReference; fileEncoding = 4; lastKnownFileType = sourcecode.swift; path = MockExploreService.swift; sourceTree = "<group>"; };
		B41A9F6B2C2B6E3E00C8F1E3 /* ExploreService.swift */ = {isa = PBXFileReference; fileEncoding = 4; lastKnownFileType = sourcecode.swift; path = ExploreService.swift; sourceTree = "<group>"; };
		B41A9F6D2C2B6E5E00C8F1E3 /* SearchAndFilterBar.swift */ = {isa = PBXFileReference; fileEncoding = 4; lastKnownFileType = sourcecode.swift; path = SearchAndFilterBar.swift; sourceTree = "<group>"; };
		B41A9F6F2C2B6E8B00C8F1E3 /* LoadingView.swift */ = {isa = PBXFileReference; fileEncoding = 4; lastKnownFileType = sourcecode.swift; path = LoadingView.swift; sourceTree = "<group>"; };
		B41A9F712C2B6EA700C8F1E3 /* DestinationSearchView.swift */ = {isa = PBXFileReference; fileEncoding = 4; lastKnownFileType = sourcecode.swift; path = DestinationSearchView.swift; sourceTree = "<group>"; };
		B41A9F732C2B6EBE00C8F1E3 /* ExploreView.swift */ = {isa = PBXFileReference; fileEncoding = 4; lastKnownFileType = sourcecode.swift; path = ExploreView.swift; sourceTree = "<group>"; };
		B41A9F772C2B6F2300C8F1E3 /* ExploreViewModel.swift */ = {isa = PBXFileReference; fileEncoding = 4; lastKnownFileType = sourcecode.swift; path = ExploreViewModel.swift; sourceTree = "<group>"; };
		B42A44DD2C36822A00433683 /* WeatherService.swift */ = {isa = PBXFileReference; lastKnownFileType = sourcecode.swift; path = WeatherService.swift; sourceTree = "<group>"; };
		B42A44E32C37EE9D00433683 /* WhoolidayTests.xctest */ = {isa = PBXFileReference; explicitFileType = wrapper.cfbundle; includeInIndex = 0; path = WhoolidayTests.xctest; sourceTree = BUILT_PRODUCTS_DIR; };
		B42A44F22C3C81F500433683 /* ErrorView.swift */ = {isa = PBXFileReference; lastKnownFileType = sourcecode.swift; path = ErrorView.swift; sourceTree = "<group>"; };
		B42A44F42C3D17B100433683 /* HomeViewModelTest.swift */ = {isa = PBXFileReference; lastKnownFileType = sourcecode.swift; path = HomeViewModelTest.swift; sourceTree = "<group>"; };
		B42A44F62C3D22DE00433683 /* FirebaseManagerTest.swift */ = {isa = PBXFileReference; lastKnownFileType = sourcecode.swift; path = FirebaseManagerTest.swift; sourceTree = "<group>"; };
		B42A44F82C3D287B00433683 /* WeatherServiceTest.swift */ = {isa = PBXFileReference; lastKnownFileType = sourcecode.swift; path = WeatherServiceTest.swift; sourceTree = "<group>"; };
		B42A45012C3D77CE00433683 /* en */ = {isa = PBXFileReference; lastKnownFileType = text.plist.strings; name = en; path = en.lproj/Localizable.strings; sourceTree = "<group>"; };
		B42A45032C3D780F00433683 /* it */ = {isa = PBXFileReference; lastKnownFileType = text.plist.strings; name = it; path = it.lproj/Localizable.strings; sourceTree = "<group>"; };
		B42A45042C3DCC4900433683 /* fr */ = {isa = PBXFileReference; lastKnownFileType = text.plist.strings; name = fr; path = fr.lproj/Localizable.strings; sourceTree = "<group>"; };
		B42A45052C3DCCCF00433683 /* es */ = {isa = PBXFileReference; lastKnownFileType = text.plist.strings; name = es; path = es.lproj/Localizable.strings; sourceTree = "<group>"; };
		B42A45062C3DCD2900433683 /* de */ = {isa = PBXFileReference; lastKnownFileType = text.plist.strings; name = de; path = de.lproj/Localizable.strings; sourceTree = "<group>"; };
		B42A45072C3DCD3900433683 /* zh-Hans */ = {isa = PBXFileReference; lastKnownFileType = text.plist.strings; name = "zh-Hans"; path = "zh-Hans.lproj/Localizable.strings"; sourceTree = "<group>"; };
		B42A450C2C3EC02200433683 /* FavoriteModelTest.swift */ = {isa = PBXFileReference; lastKnownFileType = sourcecode.swift; path = FavoriteModelTest.swift; sourceTree = "<group>"; };
		B42A450E2C3EC65000433683 /* AuthModelTest.swift */ = {isa = PBXFileReference; lastKnownFileType = sourcecode.swift; path = AuthModelTest.swift; sourceTree = "<group>"; };
		B42A45122C3EC99200433683 /* ProfileModelTest.swift */ = {isa = PBXFileReference; lastKnownFileType = sourcecode.swift; path = ProfileModelTest.swift; sourceTree = "<group>"; };
		B42A45182C3ED4E100433683 /* WhoolidayUITests.xctest */ = {isa = PBXFileReference; explicitFileType = wrapper.cfbundle; includeInIndex = 0; path = WhoolidayUITests.xctest; sourceTree = BUILT_PRODUCTS_DIR; };
		B42A45A42C3EDE2600433683 /* HomeViewUITest.swift */ = {isa = PBXFileReference; lastKnownFileType = sourcecode.swift; path = HomeViewUITest.swift; sourceTree = "<group>"; };
		B42A45A82C3EE92600433683 /* HomeViewTest.swift */ = {isa = PBXFileReference; lastKnownFileType = sourcecode.swift; path = HomeViewTest.swift; sourceTree = "<group>"; };
		B42A45AC2C3F1C1E00433683 /* ListingDetailViewTest.swift */ = {isa = PBXFileReference; lastKnownFileType = sourcecode.swift; path = ListingDetailViewTest.swift; sourceTree = "<group>"; };
		B42A45B02C3FCEFE00433683 /* PriceChartViewTest.swift */ = {isa = PBXFileReference; lastKnownFileType = sourcecode.swift; path = PriceChartViewTest.swift; sourceTree = "<group>"; };
		B42A45B22C3FD0C000433683 /* ExploreViewTest.swift */ = {isa = PBXFileReference; lastKnownFileType = sourcecode.swift; path = ExploreViewTest.swift; sourceTree = "<group>"; };
		B42A45B82C3FDCE300433683 /* SearchInputSearchUITest.swift */ = {isa = PBXFileReference; lastKnownFileType = sourcecode.swift; path = SearchInputSearchUITest.swift; sourceTree = "<group>"; };
		B42A45BA2C400CAB00433683 /* ListingImageCarouseViewUITest.swift */ = {isa = PBXFileReference; lastKnownFileType = sourcecode.swift; path = ListingImageCarouseViewUITest.swift; sourceTree = "<group>"; };
		B42A45BE2C40107900433683 /* LoadingViewUITest.swift */ = {isa = PBXFileReference; lastKnownFileType = sourcecode.swift; path = LoadingViewUITest.swift; sourceTree = "<group>"; };
		B42A45C02C40162200433683 /* ListingItemViewUITest.swift */ = {isa = PBXFileReference; lastKnownFileType = sourcecode.swift; path = ListingItemViewUITest.swift; sourceTree = "<group>"; };
		B42A45C22C401C2E00433683 /* SignInViewUITest.swift */ = {isa = PBXFileReference; lastKnownFileType = sourcecode.swift; path = SignInViewUITest.swift; sourceTree = "<group>"; };
		B42A45C42C40211300433683 /* ProfileViewUITest.swift */ = {isa = PBXFileReference; lastKnownFileType = sourcecode.swift; path = ProfileViewUITest.swift; sourceTree = "<group>"; };
		B42A45C62C40370D00433683 /* FavoritesView.swift */ = {isa = PBXFileReference; fileEncoding = 4; lastKnownFileType = sourcecode.swift; path = FavoritesView.swift; sourceTree = "<group>"; };
		B43E786D2C2EA4F5009D5233 /* BookingSymbols.swift */ = {isa = PBXFileReference; lastKnownFileType = sourcecode.swift; path = BookingSymbols.swift; sourceTree = "<group>"; };
		B4572E932C3188E000324B4F /* FirebaseManager.swift */ = {isa = PBXFileReference; lastKnownFileType = sourcecode.swift; path = FirebaseManager.swift; sourceTree = "<group>"; };
		B4572E9B2C33E23800324B4F /* ListingFavoriteView.swift */ = {isa = PBXFileReference; lastKnownFileType = sourcecode.swift; path = ListingFavoriteView.swift; sourceTree = "<group>"; };
		B4572E9D2C33F79000324B4F /* CityDetails.swift */ = {isa = PBXFileReference; lastKnownFileType = sourcecode.swift; path = CityDetails.swift; sourceTree = "<group>"; };
		B4572EA12C3492EA00324B4F /* FilterModel.swift */ = {isa = PBXFileReference; lastKnownFileType = sourcecode.swift; path = FilterModel.swift; sourceTree = "<group>"; };
		B482FAAD2C2B823E00D6A0E2 /* HomeView.swift */ = {isa = PBXFileReference; lastKnownFileType = sourcecode.swift; path = HomeView.swift; sourceTree = "<group>"; };
		B482FAAF2C2B8B1400D6A0E2 /* CardViewBig.swift */ = {isa = PBXFileReference; lastKnownFileType = sourcecode.swift; path = CardViewBig.swift; sourceTree = "<group>"; };
		B482FAB12C2C0A4900D6A0E2 /* CardViewSmall.swift */ = {isa = PBXFileReference; lastKnownFileType = sourcecode.swift; path = CardViewSmall.swift; sourceTree = "<group>"; };
		B482FAB52C2C14AC00D6A0E2 /* HomeViewModel.swift */ = {isa = PBXFileReference; lastKnownFileType = sourcecode.swift; path = HomeViewModel.swift; sourceTree = "<group>"; };
		B4D2B55F2C4508DE00CE061E /* CountryTest.swift */ = {isa = PBXFileReference; lastKnownFileType = sourcecode.swift; path = CountryTest.swift; sourceTree = "<group>"; };
		B4D2B5612C45099100CE061E /* UtilityTest.swift */ = {isa = PBXFileReference; lastKnownFileType = sourcecode.swift; path = UtilityTest.swift; sourceTree = "<group>"; };
		B4D2B5632C4509E300CE061E /* CurrencyTest.swift */ = {isa = PBXFileReference; lastKnownFileType = sourcecode.swift; path = CurrencyTest.swift; sourceTree = "<group>"; };
		B4D2B5662C450A7A00CE061E /* ListingTest.swift */ = {isa = PBXFileReference; lastKnownFileType = sourcecode.swift; path = ListingTest.swift; sourceTree = "<group>"; };
		B4D2B5682C450A9A00CE061E /* UserTest.swift */ = {isa = PBXFileReference; lastKnownFileType = sourcecode.swift; path = UserTest.swift; sourceTree = "<group>"; };
		B4D2B56A2C450AE100CE061E /* FavoritesTest.swift */ = {isa = PBXFileReference; lastKnownFileType = sourcecode.swift; path = FavoritesTest.swift; sourceTree = "<group>"; };
		B4D2B56C2C450BCA00CE061E /* FavoritesUITest.swift */ = {isa = PBXFileReference; lastKnownFileType = sourcecode.swift; path = FavoritesUITest.swift; sourceTree = "<group>"; };
		B4F722932C2D72E700D40AAB /* CalendarView.swift */ = {isa = PBXFileReference; lastKnownFileType = sourcecode.swift; path = CalendarView.swift; sourceTree = "<group>"; };
		B4F722952C2D91FA00D40AAB /* loading.json */ = {isa = PBXFileReference; fileEncoding = 4; lastKnownFileType = text.json; path = loading.json; sourceTree = "<group>"; };
		B4F722972C2D924B00D40AAB /* FilterView.swift */ = {isa = PBXFileReference; lastKnownFileType = sourcecode.swift; path = FilterView.swift; sourceTree = "<group>"; };
		B4F7229D2C2DA67100D40AAB /* AddFilterView.swift */ = {isa = PBXFileReference; lastKnownFileType = sourcecode.swift; path = AddFilterView.swift; sourceTree = "<group>"; };
		FF620DFE2C2ACF7B006371DF /* ShimmeringViewDetail.swift */ = {isa = PBXFileReference; fileEncoding = 4; lastKnownFileType = sourcecode.swift; path = ShimmeringViewDetail.swift; sourceTree = "<group>"; };
		FF620E022C2ACF86006371DF /* ExploreDetailService.swift */ = {isa = PBXFileReference; fileEncoding = 4; lastKnownFileType = sourcecode.swift; path = ExploreDetailService.swift; sourceTree = "<group>"; };
		FF620E042C2ACF90006371DF /* ListingItemView.swift */ = {isa = PBXFileReference; fileEncoding = 4; lastKnownFileType = sourcecode.swift; path = ListingItemView.swift; sourceTree = "<group>"; };
		FF620E0E2C2ACFBC006371DF /* PriceChartView.swift */ = {isa = PBXFileReference; fileEncoding = 4; lastKnownFileType = sourcecode.swift; path = PriceChartView.swift; sourceTree = "<group>"; };
		FF7AAFA02C20E6640080E20F /* welcomeButton.riv */ = {isa = PBXFileReference; lastKnownFileType = file; path = welcomeButton.riv; sourceTree = "<group>"; };
		FF7AAFA42C21699A0080E20F /* Inter-Regular.ttf */ = {isa = PBXFileReference; lastKnownFileType = file; path = "Inter-Regular.ttf"; sourceTree = "<group>"; };
		FF7AAFA52C21699A0080E20F /* Inter-SemiBold.ttf */ = {isa = PBXFileReference; lastKnownFileType = file; path = "Inter-SemiBold.ttf"; sourceTree = "<group>"; };
		FF7AAFA62C21699A0080E20F /* Poppins-Bold.ttf */ = {isa = PBXFileReference; lastKnownFileType = file; path = "Poppins-Bold.ttf"; sourceTree = "<group>"; };
		FF7AAFAB2C2169BD0080E20F /* Info.plist */ = {isa = PBXFileReference; lastKnownFileType = text.plist; path = Info.plist; sourceTree = "<group>"; };
		FF7AAFAC2C2170C70080E20F /* logo.svg */ = {isa = PBXFileReference; fileEncoding = 4; lastKnownFileType = text; path = logo.svg; sourceTree = "<group>"; };
		FF7AAFB32C2176320080E20F /* TT-Regular.ttf */ = {isa = PBXFileReference; lastKnownFileType = file; path = "TT-Regular.ttf"; sourceTree = "<group>"; };
		FF7AAFB52C2176BC0080E20F /* TT-SemiBold.ttf */ = {isa = PBXFileReference; lastKnownFileType = file; path = "TT-SemiBold.ttf"; sourceTree = "<group>"; };
		FF7AAFB72C2177B60080E20F /* TT Hoves Pro Trial Bold.ttf */ = {isa = PBXFileReference; lastKnownFileType = file; path = "TT Hoves Pro Trial Bold.ttf"; sourceTree = "<group>"; };
		FF7AAFB92C2178050080E20F /* TT Hoves Pro Trial ExtraBold.ttf */ = {isa = PBXFileReference; lastKnownFileType = file; path = "TT Hoves Pro Trial ExtraBold.ttf"; sourceTree = "<group>"; };
		FF7AAFC12C218CD60080E20F /* pag1.riv */ = {isa = PBXFileReference; lastKnownFileType = file; path = pag1.riv; sourceTree = "<group>"; };
		FF7AAFC32C21C9580080E20F /* WelcomeView2.swift */ = {isa = PBXFileReference; lastKnownFileType = sourcecode.swift; path = WelcomeView2.swift; sourceTree = "<group>"; };
		FF7AAFCC2C21D4260080E20F /* beach.lottie */ = {isa = PBXFileReference; lastKnownFileType = file; path = beach.lottie; sourceTree = "<group>"; };
		FF8ABCE82C22C3D100E57A80 /* SplashScreenView.swift */ = {isa = PBXFileReference; fileEncoding = 4; lastKnownFileType = sourcecode.swift; path = SplashScreenView.swift; sourceTree = "<group>"; };
		FF8ABCEA2C22C3F100E57A80 /* introSplash.riv */ = {isa = PBXFileReference; lastKnownFileType = file; path = introSplash.riv; sourceTree = "<group>"; };
		FF92C1BB2C27335400D2CA45 /* ListingImageCarouseView.swift */ = {isa = PBXFileReference; fileEncoding = 4; lastKnownFileType = sourcecode.swift; path = ListingImageCarouseView.swift; sourceTree = "<group>"; };
		FF932EF32C20D92300613637 /* WelcomeView1.swift */ = {isa = PBXFileReference; lastKnownFileType = sourcecode.swift; path = WelcomeView1.swift; sourceTree = "<group>"; };
		FFDCD3382C1F554300E2142A /* Whooliday.app */ = {isa = PBXFileReference; explicitFileType = wrapper.application; includeInIndex = 0; path = Whooliday.app; sourceTree = BUILT_PRODUCTS_DIR; };
		FFDCD33B2C1F554300E2142A /* WhoolidayApp.swift */ = {isa = PBXFileReference; lastKnownFileType = sourcecode.swift; path = WhoolidayApp.swift; sourceTree = "<group>"; };
		FFDCD33F2C1F554500E2142A /* Assets.xcassets */ = {isa = PBXFileReference; lastKnownFileType = folder.assetcatalog; path = Assets.xcassets; sourceTree = "<group>"; };
		FFDCD3422C1F554500E2142A /* Preview Assets.xcassets */ = {isa = PBXFileReference; lastKnownFileType = folder.assetcatalog; path = "Preview Assets.xcassets"; sourceTree = "<group>"; };
		FFDCD3672C2023A100E2142A /* Launch Screen.storyboard */ = {isa = PBXFileReference; lastKnownFileType = file.storyboard; name = "Launch Screen.storyboard"; path = "../Launch Screen.storyboard"; sourceTree = "<group>"; };
		FFDCD36F2C20261F00E2142A /* ContainerView.swift */ = {isa = PBXFileReference; lastKnownFileType = sourcecode.swift; path = ContainerView.swift; sourceTree = "<group>"; };
/* End PBXFileReference section */

/* Begin PBXFrameworksBuildPhase section */
		B42A44E02C37EE9D00433683 /* Frameworks */ = {
			isa = PBXFrameworksBuildPhase;
			buildActionMask = 2147483647;
			files = (
			);
			runOnlyForDeploymentPostprocessing = 0;
		};
		B42A45152C3ED4E100433683 /* Frameworks */ = {
			isa = PBXFrameworksBuildPhase;
			buildActionMask = 2147483647;
			files = (
				B42A459F2C3EDD6300433683 /* FirebaseVertexAI-Preview in Frameworks */,
				B42A45652C3EDD6300433683 /* RiveRuntime in Frameworks */,
				B42A45852C3EDD6300433683 /* FirebaseFirestoreSwift in Frameworks */,
				B42A45A32C3EDD6300433683 /* GoogleSignInSwift in Frameworks */,
				B42A456F2C3EDD6300433683 /* FirebaseAnalyticsWithoutAdIdSupport in Frameworks */,
				B42A45932C3EDD6300433683 /* FirebaseMLModelDownloader in Frameworks */,
				B42A45912C3EDD6300433683 /* FirebaseMessaging in Frameworks */,
				B42A45872C3EDD6300433683 /* FirebaseFunctions in Frameworks */,
				B42A45A12C3EDD6300433683 /* GoogleSignIn in Frameworks */,
				B42A45672C3EDD6300433683 /* Lottie in Frameworks */,
				B42A45692C3EDD6300433683 /* FirebaseAnalytics in Frameworks */,
				B42A45752C3EDD6300433683 /* FirebaseAuth in Frameworks */,
				B42A457F2C3EDD6300433683 /* FirebaseDynamicLinks in Frameworks */,
				B42A45792C3EDD6300433683 /* FirebaseCrashlytics in Frameworks */,
				B42A457D2C3EDD6300433683 /* FirebaseDatabaseSwift in Frameworks */,
				B42A45812C3EDD6300433683 /* FirebaseFirestore in Frameworks */,
				B42A458F2C3EDD6300433683 /* FirebaseInstallations in Frameworks */,
				B42A45892C3EDD6300433683 /* FirebaseFunctionsCombine-Community in Frameworks */,
				B42A45832C3EDD6300433683 /* FirebaseFirestoreCombine-Community in Frameworks */,
				B42A457B2C3EDD6300433683 /* FirebaseDatabase in Frameworks */,
				B42A45952C3EDD6300433683 /* FirebasePerformance in Frameworks */,
				B42A45712C3EDD6300433683 /* FirebaseAppCheck in Frameworks */,
				B42A456B2C3EDD6300433683 /* FirebaseAnalyticsOnDeviceConversion in Frameworks */,
				B42A458D2C3EDD6300433683 /* FirebaseInAppMessagingSwift-Beta in Frameworks */,
				B42A45992C3EDD6300433683 /* FirebaseRemoteConfigSwift in Frameworks */,
				B42A456D2C3EDD6300433683 /* FirebaseAnalyticsSwift in Frameworks */,
				B42A45732C3EDD6300433683 /* FirebaseAppDistribution-Beta in Frameworks */,
				B42A45972C3EDD6300433683 /* FirebaseRemoteConfig in Frameworks */,
				B42A459B2C3EDD6300433683 /* FirebaseStorage in Frameworks */,
				B42A45772C3EDD6300433683 /* FirebaseAuthCombine-Community in Frameworks */,
				B42A459D2C3EDD6300433683 /* FirebaseStorageCombine-Community in Frameworks */,
				B42A458B2C3EDD6300433683 /* FirebaseInAppMessaging-Beta in Frameworks */,
			);
			runOnlyForDeploymentPostprocessing = 0;
		};
		FFDCD3352C1F554300E2142A /* Frameworks */ = {
			isa = PBXFrameworksBuildPhase;
			buildActionMask = 2147483647;
			files = (
				FF620E202C2B02A0006371DF /* SwiftUICharts in Frameworks */,
				6C39E14F2C226B3400B83BBD /* FirebaseFirestoreSwift in Frameworks */,
				FF082CFD2C206D1D00055F9A /* RiveRuntime in Frameworks */,
				6C39E14D2C226B3400B83BBD /* FirebaseFirestore in Frameworks */,
				6CC6B4C72C23709600B34008 /* GoogleSignInSwift in Frameworks */,
				6C39E14B2C226B3400B83BBD /* FirebaseAuth in Frameworks */,
				FF7AAFC72C21CF7C0080E20F /* Lottie in Frameworks */,
				6C39E1512C226B3400B83BBD /* FirebaseStorage in Frameworks */,
				6CC6B4C52C23709600B34008 /* GoogleSignIn in Frameworks */,
			);
			runOnlyForDeploymentPostprocessing = 0;
		};
/* End PBXFrameworksBuildPhase section */

/* Begin PBXGroup section */
		6C39E1522C226D2300B83BBD /* Auth */ = {
			isa = PBXGroup;
			children = (
				6C39E1552C2272B600B83BBD /* View */,
				6C39E1562C2272C300B83BBD /* Model */,
			);
			path = Auth;
			sourceTree = "<group>";
		};
		6C39E1552C2272B600B83BBD /* View */ = {
			isa = PBXGroup;
			children = (
				6C39E1532C226D4800B83BBD /* SigninView.swift */,
				6C39E15C2C227C9300B83BBD /* SignupView.swift */,
			);
			path = View;
			sourceTree = "<group>";
		};
		6C39E1562C2272C300B83BBD /* Model */ = {
			isa = PBXGroup;
			children = (
				6C39E1572C2273E500B83BBD /* AuthModel.swift */,
			);
			path = Model;
			sourceTree = "<group>";
		};
		6C39E1592C22756600B83BBD /* App */ = {
			isa = PBXGroup;
			children = (
				FFDCD33B2C1F554300E2142A /* WhoolidayApp.swift */,
			);
			path = App;
			sourceTree = "<group>";
		};
		6C39E15A2C22758200B83BBD /* Core */ = {
			isa = PBXGroup;
			children = (
				B42A450A2C3EBF4400433683 /* Start */,
				B482FAAB2C2B81FE00D6A0E2 /* Home */,
				FF620DF12C2ACD99006371DF /* Search */,
				FF92C1BD2C27335400D2CA45 /* Components */,
				6C95A5262C247F680098ECAC /* Favorites */,
				6CC6B4CA2C237BC100B34008 /* Utilities */,
				6C39E15B2C2275B400B83BBD /* Welcome */,
				6C39E1522C226D2300B83BBD /* Auth */,
				6CC6B4C02C234B4800B34008 /* ProfilePage */,
			);
			path = Core;
			sourceTree = "<group>";
		};
		6C39E15B2C2275B400B83BBD /* Welcome */ = {
			isa = PBXGroup;
			children = (
				FF932EF32C20D92300613637 /* WelcomeView1.swift */,
				FF7AAFC32C21C9580080E20F /* WelcomeView2.swift */,
			);
			path = Welcome;
			sourceTree = "<group>";
		};
		6C39E15E2C227E6D00B83BBD /* Lists */ = {
			isa = PBXGroup;
			children = (
				B41A9F612C2B6D4400C8F1E3 /* Listing.swift */,
				6C39E15F2C227E8D00B83BBD /* User.swift */,
				6C95A52D2C248BEA0098ECAC /* Favorites.swift */,
			);
			path = Lists;
			sourceTree = "<group>";
		};
		6C95A5262C247F680098ECAC /* Favorites */ = {
			isa = PBXGroup;
			children = (
				6C95A52A2C2480D00098ECAC /* Model */,
				6C95A5292C2480C80098ECAC /* View */,
			);
			path = Favorites;
			sourceTree = "<group>";
		};
		6C95A5292C2480C80098ECAC /* View */ = {
			isa = PBXGroup;
			children = (
				B42A45C62C40370D00433683 /* FavoritesView.swift */,
				B4572E9B2C33E23800324B4F /* ListingFavoriteView.swift */,
			);
			path = View;
			sourceTree = "<group>";
		};
		6C95A52A2C2480D00098ECAC /* Model */ = {
			isa = PBXGroup;
			children = (
				6C95A52B2C2480E00098ECAC /* FavoritesModel.swift */,
			);
			path = Model;
			sourceTree = "<group>";
		};
		6CAB27442C2A2F0300122C3E /* View */ = {
			isa = PBXGroup;
			children = (
				6CAB274C2C2A504E00122C3E /* ProfileView.swift */,
			);
			path = View;
			sourceTree = "<group>";
		};
		6CAB27452C2A2F0B00122C3E /* Model */ = {
			isa = PBXGroup;
			children = (
				6CAB27462C2A319900122C3E /* ProfileViewModel.swift */,
			);
			path = Model;
			sourceTree = "<group>";
		};
		6CC6B4C02C234B4800B34008 /* ProfilePage */ = {
			isa = PBXGroup;
			children = (
				6CAB27452C2A2F0B00122C3E /* Model */,
				6CAB27442C2A2F0300122C3E /* View */,
			);
			path = ProfilePage;
			sourceTree = "<group>";
		};
		6CC6B4CA2C237BC100B34008 /* Utilities */ = {
			isa = PBXGroup;
			children = (
				6CC6B4CB2C237BD400B34008 /* Utilities.swift */,
				6CAB27482C2A381300122C3E /* Country.swift */,
				6CAB274A2C2A38C000122C3E /* Currency.swift */,
			);
			path = Utilities;
			sourceTree = "<group>";
		};
		B42A44E42C37EE9D00433683 /* WhoolidayTests */ = {
			isa = PBXGroup;
			children = (
				B42A44FA2C3D291D00433683 /* UnitTests */,
			);
			path = WhoolidayTests;
			sourceTree = "<group>";
		};
		B42A44FA2C3D291D00433683 /* UnitTests */ = {
			isa = PBXGroup;
			children = (
				B42A45102C3EC66500433683 /* Auth */,
				B42A45112C3EC97000433683 /* Profile */,
				B42A44FB2C3D292D00433683 /* Home */,
				B42A450B2C3EBFA800433683 /* Favorites */,
				B4D2B5652C450A3F00CE061E /* Lists */,
				B4D2B55E2C4508CB00CE061E /* Utilities */,
			);
			path = UnitTests;
			sourceTree = "<group>";
		};
		B42A44FB2C3D292D00433683 /* Home */ = {
			isa = PBXGroup;
			children = (
				B42A44F42C3D17B100433683 /* HomeViewModelTest.swift */,
				B42A44F62C3D22DE00433683 /* FirebaseManagerTest.swift */,
				B42A44F82C3D287B00433683 /* WeatherServiceTest.swift */,
				B42A45A82C3EE92600433683 /* HomeViewTest.swift */,
				B42A45AC2C3F1C1E00433683 /* ListingDetailViewTest.swift */,
				B42A45B02C3FCEFE00433683 /* PriceChartViewTest.swift */,
				B42A45B22C3FD0C000433683 /* ExploreViewTest.swift */,
			);
			path = Home;
			sourceTree = "<group>";
		};
		B42A450A2C3EBF4400433683 /* Start */ = {
			isa = PBXGroup;
			children = (
				FF8ABCE82C22C3D100E57A80 /* SplashScreenView.swift */,
				FFDCD36F2C20261F00E2142A /* ContainerView.swift */,
			);
			path = Start;
			sourceTree = "<group>";
		};
		B42A450B2C3EBFA800433683 /* Favorites */ = {
			isa = PBXGroup;
			children = (
				B42A450C2C3EC02200433683 /* FavoriteModelTest.swift */,
			);
			path = Favorites;
			sourceTree = "<group>";
		};
		B42A45102C3EC66500433683 /* Auth */ = {
			isa = PBXGroup;
			children = (
				B42A450E2C3EC65000433683 /* AuthModelTest.swift */,
			);
			path = Auth;
			sourceTree = "<group>";
		};
		B42A45112C3EC97000433683 /* Profile */ = {
			isa = PBXGroup;
			children = (
				B42A45122C3EC99200433683 /* ProfileModelTest.swift */,
			);
			path = Profile;
			sourceTree = "<group>";
		};
		B42A45192C3ED4E100433683 /* WhoolidayUITests */ = {
			isa = PBXGroup;
			children = (
				B42A45A42C3EDE2600433683 /* HomeViewUITest.swift */,
				B42A45B82C3FDCE300433683 /* SearchInputSearchUITest.swift */,
				B42A45BA2C400CAB00433683 /* ListingImageCarouseViewUITest.swift */,
				B42A45BE2C40107900433683 /* LoadingViewUITest.swift */,
				B42A45C02C40162200433683 /* ListingItemViewUITest.swift */,
				B42A45C22C401C2E00433683 /* SignInViewUITest.swift */,
				B42A45C42C40211300433683 /* ProfileViewUITest.swift */,
				B4D2B56C2C450BCA00CE061E /* FavoritesUITest.swift */,
			);
			path = WhoolidayUITests;
			sourceTree = "<group>";
		};
		B42A45272C3EDB4500433683 /* Frameworks */ = {
			isa = PBXGroup;
			children = (
			);
			name = Frameworks;
			sourceTree = "<group>";
		};
		B482FAAB2C2B81FE00D6A0E2 /* Home */ = {
			isa = PBXGroup;
			children = (
				B482FAB42C2C149900D6A0E2 /* Model */,
				B482FAAC2C2B820500D6A0E2 /* View */,
			);
			path = Home;
			sourceTree = "<group>";
		};
		B482FAAC2C2B820500D6A0E2 /* View */ = {
			isa = PBXGroup;
			children = (
				B482FAAD2C2B823E00D6A0E2 /* HomeView.swift */,
				B482FAAF2C2B8B1400D6A0E2 /* CardViewBig.swift */,
				B482FAB12C2C0A4900D6A0E2 /* CardViewSmall.swift */,
				B4572E9D2C33F79000324B4F /* CityDetails.swift */,
				B42A44F22C3C81F500433683 /* ErrorView.swift */,
			);
			path = View;
			sourceTree = "<group>";
		};
		B482FAB42C2C149900D6A0E2 /* Model */ = {
			isa = PBXGroup;
			children = (
				B482FAB52C2C14AC00D6A0E2 /* HomeViewModel.swift */,
				B4572E932C3188E000324B4F /* FirebaseManager.swift */,
				B42A44DD2C36822A00433683 /* WeatherService.swift */,
			);
			path = Model;
			sourceTree = "<group>";
		};
		B4D2B55E2C4508CB00CE061E /* Utilities */ = {
			isa = PBXGroup;
			children = (
				B4D2B55F2C4508DE00CE061E /* CountryTest.swift */,
				B4D2B5612C45099100CE061E /* UtilityTest.swift */,
				B4D2B5632C4509E300CE061E /* CurrencyTest.swift */,
			);
			path = Utilities;
			sourceTree = "<group>";
		};
		B4D2B5652C450A3F00CE061E /* Lists */ = {
			isa = PBXGroup;
			children = (
				B4D2B5662C450A7A00CE061E /* ListingTest.swift */,
				B4D2B5682C450A9A00CE061E /* UserTest.swift */,
				B4D2B56A2C450AE100CE061E /* FavoritesTest.swift */,
			);
			path = Lists;
			sourceTree = "<group>";
		};
		FF620DEE2C2ACD99006371DF /* Service */ = {
			isa = PBXGroup;
			children = (
				B41A9F6B2C2B6E3E00C8F1E3 /* ExploreService.swift */,
				FF620E022C2ACF86006371DF /* ExploreDetailService.swift */,
				B41A9F692C2B6E0F00C8F1E3 /* MockExploreService.swift */,
			);
			path = Service;
			sourceTree = "<group>";
		};
		FF620DEF2C2ACD99006371DF /* View */ = {
			isa = PBXGroup;
			children = (
				B41A9F632C2B6D7D00C8F1E3 /* ListingDetailView.swift */,
				FF620E042C2ACF90006371DF /* ListingItemView.swift */,
				B41A9F672C2B6DB600C8F1E3 /* CompactListingView.swift */,
				B41A9F6D2C2B6E5E00C8F1E3 /* SearchAndFilterBar.swift */,
				B41A9F6F2C2B6E8B00C8F1E3 /* LoadingView.swift */,
				FF620E0E2C2ACFBC006371DF /* PriceChartView.swift */,
				B41A9F712C2B6EA700C8F1E3 /* DestinationSearchView.swift */,
				FF620DFE2C2ACF7B006371DF /* ShimmeringViewDetail.swift */,
				B41A9F732C2B6EBE00C8F1E3 /* ExploreView.swift */,
				B4F722932C2D72E700D40AAB /* CalendarView.swift */,
				B4F722972C2D924B00D40AAB /* FilterView.swift */,
				B4F7229D2C2DA67100D40AAB /* AddFilterView.swift */,
			);
			name = View;
			path = Listings/View;
			sourceTree = "<group>";
		};
		FF620DF02C2ACD99006371DF /* Model */ = {
			isa = PBXGroup;
			children = (
				B43E786D2C2EA4F5009D5233 /* BookingSymbols.swift */,
				B41A9F772C2B6F2300C8F1E3 /* ExploreViewModel.swift */,
				B4572EA12C3492EA00324B4F /* FilterModel.swift */,
			);
			path = Model;
			sourceTree = "<group>";
		};
		FF620DF12C2ACD99006371DF /* Search */ = {
			isa = PBXGroup;
			children = (
				FF620DEF2C2ACD99006371DF /* View */,
				FF620DF02C2ACD99006371DF /* Model */,
				FF620DEE2C2ACD99006371DF /* Service */,
			);
			path = Search;
			sourceTree = "<group>";
		};
		FF7AAFA72C21699A0080E20F /* Font */ = {
			isa = PBXGroup;
			children = (
				FF7AAFB92C2178050080E20F /* TT Hoves Pro Trial ExtraBold.ttf */,
				FF7AAFB72C2177B60080E20F /* TT Hoves Pro Trial Bold.ttf */,
				FF7AAFB52C2176BC0080E20F /* TT-SemiBold.ttf */,
				FF7AAFB32C2176320080E20F /* TT-Regular.ttf */,
				FF7AAFA42C21699A0080E20F /* Inter-Regular.ttf */,
				FF7AAFA52C21699A0080E20F /* Inter-SemiBold.ttf */,
				FF7AAFA62C21699A0080E20F /* Poppins-Bold.ttf */,
			);
			path = Font;
			sourceTree = "<group>";
		};
		FF7AAFAD2C2170C70080E20F /* Icons */ = {
			isa = PBXGroup;
			children = (
				FF7AAFAC2C2170C70080E20F /* logo.svg */,
			);
			path = Icons;
			sourceTree = "<group>";
		};
		FF7AAFBA2C2186570080E20F /* Images */ = {
			isa = PBXGroup;
			children = (
				B4F722952C2D91FA00D40AAB /* loading.json */,
				6CC6B4CD2C23B4A900B34008 /* beach.json */,
				FF7AAFCC2C21D4260080E20F /* beach.lottie */,
				FF7AAFC12C218CD60080E20F /* pag1.riv */,
				FF8ABCEA2C22C3F100E57A80 /* introSplash.riv */,
				FF7AAFA02C20E6640080E20F /* welcomeButton.riv */,
			);
			path = Images;
			sourceTree = "<group>";
		};
		FF92C1BD2C27335400D2CA45 /* Components */ = {
			isa = PBXGroup;
			children = (
				FF92C1BB2C27335400D2CA45 /* ListingImageCarouseView.swift */,
				6CAB273D2C29BCDC00122C3E /* ShimmeringView.swift */,
			);
			path = Components;
			sourceTree = "<group>";
		};
		FFDCD32F2C1F554300E2142A = {
			isa = PBXGroup;
			children = (
				FFDCD33A2C1F554300E2142A /* Whooliday */,
				B42A44E42C37EE9D00433683 /* WhoolidayTests */,
				B42A45192C3ED4E100433683 /* WhoolidayUITests */,
				FFDCD3392C1F554300E2142A /* Products */,
				B42A45272C3EDB4500433683 /* Frameworks */,
			);
			sourceTree = "<group>";
		};
		FFDCD3392C1F554300E2142A /* Products */ = {
			isa = PBXGroup;
			children = (
				FFDCD3382C1F554300E2142A /* Whooliday.app */,
				B42A44E32C37EE9D00433683 /* WhoolidayTests.xctest */,
				B42A45182C3ED4E100433683 /* WhoolidayUITests.xctest */,
			);
			name = Products;
			sourceTree = "<group>";
		};
		FFDCD33A2C1F554300E2142A /* Whooliday */ = {
			isa = PBXGroup;
			children = (
				6CC6B4C82C2372CC00B34008 /* GoogleService-Info.plist */,
				6C39E1592C22756600B83BBD /* App */,
				FF7AAFAB2C2169BD0080E20F /* Info.plist */,
				FFDCD3412C1F554500E2142A /* Preview Content */,
				6C39E15A2C22758200B83BBD /* Core */,
				6C39E15E2C227E6D00B83BBD /* Lists */,
				FF7AAFBA2C2186570080E20F /* Images */,
				FF7AAFAD2C2170C70080E20F /* Icons */,
				FF7AAFA72C21699A0080E20F /* Font */,
				FFDCD33F2C1F554500E2142A /* Assets.xcassets */,
				B42A45002C3D77CE00433683 /* Localizable.strings */,
			);
			path = Whooliday;
			sourceTree = "<group>";
		};
		FFDCD3412C1F554500E2142A /* Preview Content */ = {
			isa = PBXGroup;
			children = (
				FFDCD3672C2023A100E2142A /* Launch Screen.storyboard */,
				FFDCD3422C1F554500E2142A /* Preview Assets.xcassets */,
			);
			path = "Preview Content";
			sourceTree = "<group>";
		};
/* End PBXGroup section */

/* Begin PBXNativeTarget section */
		B42A44E22C37EE9D00433683 /* WhoolidayTests */ = {
			isa = PBXNativeTarget;
			buildConfigurationList = B42A44EB2C37EE9D00433683 /* Build configuration list for PBXNativeTarget "WhoolidayTests" */;
			buildPhases = (
				B42A44DF2C37EE9D00433683 /* Sources */,
				B42A44E02C37EE9D00433683 /* Frameworks */,
				B42A44E12C37EE9D00433683 /* Resources */,
			);
			buildRules = (
			);
			dependencies = (
				B42A44E82C37EE9D00433683 /* PBXTargetDependency */,
			);
			name = WhoolidayTests;
			productName = WhoolidayTests;
			productReference = B42A44E32C37EE9D00433683 /* WhoolidayTests.xctest */;
			productType = "com.apple.product-type.bundle.unit-test";
		};
		B42A45172C3ED4E100433683 /* WhoolidayUITests */ = {
			isa = PBXNativeTarget;
			buildConfigurationList = B42A45202C3ED4E100433683 /* Build configuration list for PBXNativeTarget "WhoolidayUITests" */;
			buildPhases = (
				B42A45142C3ED4E100433683 /* Sources */,
				B42A45152C3ED4E100433683 /* Frameworks */,
				B42A45162C3ED4E100433683 /* Resources */,
			);
			buildRules = (
			);
			dependencies = (
				B42A451F2C3ED4E100433683 /* PBXTargetDependency */,
			);
			name = WhoolidayUITests;
			packageProductDependencies = (
				B42A45642C3EDD6300433683 /* RiveRuntime */,
				B42A45662C3EDD6300433683 /* Lottie */,
				B42A45682C3EDD6300433683 /* FirebaseAnalytics */,
				B42A456A2C3EDD6300433683 /* FirebaseAnalyticsOnDeviceConversion */,
				B42A456C2C3EDD6300433683 /* FirebaseAnalyticsSwift */,
				B42A456E2C3EDD6300433683 /* FirebaseAnalyticsWithoutAdIdSupport */,
				B42A45702C3EDD6300433683 /* FirebaseAppCheck */,
				B42A45722C3EDD6300433683 /* FirebaseAppDistribution-Beta */,
				B42A45742C3EDD6300433683 /* FirebaseAuth */,
				B42A45762C3EDD6300433683 /* FirebaseAuthCombine-Community */,
				B42A45782C3EDD6300433683 /* FirebaseCrashlytics */,
				B42A457A2C3EDD6300433683 /* FirebaseDatabase */,
				B42A457C2C3EDD6300433683 /* FirebaseDatabaseSwift */,
				B42A457E2C3EDD6300433683 /* FirebaseDynamicLinks */,
				B42A45802C3EDD6300433683 /* FirebaseFirestore */,
				B42A45822C3EDD6300433683 /* FirebaseFirestoreCombine-Community */,
				B42A45842C3EDD6300433683 /* FirebaseFirestoreSwift */,
				B42A45862C3EDD6300433683 /* FirebaseFunctions */,
				B42A45882C3EDD6300433683 /* FirebaseFunctionsCombine-Community */,
				B42A458A2C3EDD6300433683 /* FirebaseInAppMessaging-Beta */,
				B42A458C2C3EDD6300433683 /* FirebaseInAppMessagingSwift-Beta */,
				B42A458E2C3EDD6300433683 /* FirebaseInstallations */,
				B42A45902C3EDD6300433683 /* FirebaseMessaging */,
				B42A45922C3EDD6300433683 /* FirebaseMLModelDownloader */,
				B42A45942C3EDD6300433683 /* FirebasePerformance */,
				B42A45962C3EDD6300433683 /* FirebaseRemoteConfig */,
				B42A45982C3EDD6300433683 /* FirebaseRemoteConfigSwift */,
				B42A459A2C3EDD6300433683 /* FirebaseStorage */,
				B42A459C2C3EDD6300433683 /* FirebaseStorageCombine-Community */,
				B42A459E2C3EDD6300433683 /* FirebaseVertexAI-Preview */,
				B42A45A02C3EDD6300433683 /* GoogleSignIn */,
				B42A45A22C3EDD6300433683 /* GoogleSignInSwift */,
			);
			productName = WhoolidayUITests;
			productReference = B42A45182C3ED4E100433683 /* WhoolidayUITests.xctest */;
			productType = "com.apple.product-type.bundle.ui-testing";
		};
		FFDCD3372C1F554300E2142A /* Whooliday */ = {
			isa = PBXNativeTarget;
			buildConfigurationList = FFDCD35C2C1F554600E2142A /* Build configuration list for PBXNativeTarget "Whooliday" */;
			buildPhases = (
				FFDCD3342C1F554300E2142A /* Sources */,
				FFDCD3352C1F554300E2142A /* Frameworks */,
				FFDCD3362C1F554300E2142A /* Resources */,
			);
			buildRules = (
			);
			dependencies = (
			);
			name = Whooliday;
			packageProductDependencies = (
				FF082CFC2C206D1D00055F9A /* RiveRuntime */,
				FF7AAFC62C21CF7C0080E20F /* Lottie */,
				6C39E14A2C226B3400B83BBD /* FirebaseAuth */,
				6C39E14C2C226B3400B83BBD /* FirebaseFirestore */,
				6C39E14E2C226B3400B83BBD /* FirebaseFirestoreSwift */,
				6C39E1502C226B3400B83BBD /* FirebaseStorage */,
				6CC6B4C42C23709600B34008 /* GoogleSignIn */,
				6CC6B4C62C23709600B34008 /* GoogleSignInSwift */,
				FF620E1F2C2B02A0006371DF /* SwiftUICharts */,
			);
			productName = Whooliday;
			productReference = FFDCD3382C1F554300E2142A /* Whooliday.app */;
			productType = "com.apple.product-type.application";
		};
/* End PBXNativeTarget section */

/* Begin PBXProject section */
		FFDCD3302C1F554300E2142A /* Project object */ = {
			isa = PBXProject;
			attributes = {
				BuildIndependentTargetsInParallel = 1;
				LastSwiftUpdateCheck = 1540;
				LastUpgradeCheck = 1540;
				TargetAttributes = {
					B42A44E22C37EE9D00433683 = {
						CreatedOnToolsVersion = 15.4;
						TestTargetID = FFDCD3372C1F554300E2142A;
					};
					B42A45172C3ED4E100433683 = {
						CreatedOnToolsVersion = 15.4;
						TestTargetID = FFDCD3372C1F554300E2142A;
					};
					FFDCD3372C1F554300E2142A = {
						CreatedOnToolsVersion = 15.4;
					};
				};
			};
			buildConfigurationList = FFDCD3332C1F554300E2142A /* Build configuration list for PBXProject "Whooliday" */;
			compatibilityVersion = "Xcode 14.0";
			developmentRegion = en;
			hasScannedForEncodings = 0;
			knownRegions = (
				en,
				Base,
				it,
				fr,
				es,
				de,
				"zh-Hans",
			);
			mainGroup = FFDCD32F2C1F554300E2142A;
			packageReferences = (
				FF082CFB2C206B8400055F9A /* XCRemoteSwiftPackageReference "rive-ios" */,
				FF7AAFC52C21CF7C0080E20F /* XCRemoteSwiftPackageReference "lottie-ios" */,
				6C39E1492C226B3400B83BBD /* XCRemoteSwiftPackageReference "firebase-ios-sdk" */,
				6CC6B4C32C23709500B34008 /* XCRemoteSwiftPackageReference "GoogleSignIn-iOS" */,
				FF620E1E2C2B029F006371DF /* XCRemoteSwiftPackageReference "ChartView" */,
			);
			productRefGroup = FFDCD3392C1F554300E2142A /* Products */;
			projectDirPath = "";
			projectRoot = "";
			targets = (
				FFDCD3372C1F554300E2142A /* Whooliday */,
				B42A44E22C37EE9D00433683 /* WhoolidayTests */,
				B42A45172C3ED4E100433683 /* WhoolidayUITests */,
			);
		};
/* End PBXProject section */

/* Begin PBXResourcesBuildPhase section */
		B42A44E12C37EE9D00433683 /* Resources */ = {
			isa = PBXResourcesBuildPhase;
			buildActionMask = 2147483647;
			files = (
			);
			runOnlyForDeploymentPostprocessing = 0;
		};
		B42A45162C3ED4E100433683 /* Resources */ = {
			isa = PBXResourcesBuildPhase;
			buildActionMask = 2147483647;
			files = (
			);
			runOnlyForDeploymentPostprocessing = 0;
		};
		FFDCD3362C1F554300E2142A /* Resources */ = {
			isa = PBXResourcesBuildPhase;
			buildActionMask = 2147483647;
			files = (
				FF7AAFB82C2177B60080E20F /* TT Hoves Pro Trial Bold.ttf in Resources */,
				FF7AAFA92C21699A0080E20F /* Inter-SemiBold.ttf in Resources */,
				6CC6B4C92C2372CC00B34008 /* GoogleService-Info.plist in Resources */,
				FFDCD3682C2023A100E2142A /* Launch Screen.storyboard in Resources */,
				B4F722962C2D91FA00D40AAB /* loading.json in Resources */,
				FF7AAFAA2C21699A0080E20F /* Poppins-Bold.ttf in Resources */,
				6CC6B4CE2C23B4A900B34008 /* beach.json in Resources */,
				FF7AAFC22C218CD60080E20F /* pag1.riv in Resources */,
				FF7AAFA82C21699A0080E20F /* Inter-Regular.ttf in Resources */,
				FFDCD3432C1F554500E2142A /* Preview Assets.xcassets in Resources */,
				FF7AAFCD2C21D4260080E20F /* beach.lottie in Resources */,
				FF7AAFB62C2176BC0080E20F /* TT-SemiBold.ttf in Resources */,
				FFDCD3402C1F554500E2142A /* Assets.xcassets in Resources */,
				B42A45022C3D77CE00433683 /* Localizable.strings in Resources */,
				FF8ABCEB2C22C3F100E57A80 /* introSplash.riv in Resources */,
				FF7AAFB42C2176320080E20F /* TT-Regular.ttf in Resources */,
				FF7AAFA12C20E6640080E20F /* welcomeButton.riv in Resources */,
				FF7AAFAE2C2170D00080E20F /* logo.svg in Resources */,
			);
			runOnlyForDeploymentPostprocessing = 0;
		};
/* End PBXResourcesBuildPhase section */

/* Begin PBXSourcesBuildPhase section */
		B42A44DF2C37EE9D00433683 /* Sources */ = {
			isa = PBXSourcesBuildPhase;
			buildActionMask = 2147483647;
			files = (
				B42A450D2C3EC02200433683 /* FavoriteModelTest.swift in Sources */,
				B4D2B56B2C450AE100CE061E /* FavoritesTest.swift in Sources */,
				B42A45132C3EC99200433683 /* ProfileModelTest.swift in Sources */,
				B42A44F92C3D287B00433683 /* WeatherServiceTest.swift in Sources */,
				B42A45A92C3EE92600433683 /* HomeViewTest.swift in Sources */,
				B4D2B5692C450A9A00CE061E /* UserTest.swift in Sources */,
				B4D2B5622C45099100CE061E /* UtilityTest.swift in Sources */,
				B4D2B5642C4509E300CE061E /* CurrencyTest.swift in Sources */,
				B4D2B5672C450A7A00CE061E /* ListingTest.swift in Sources */,
				B4D2B5602C4508DE00CE061E /* CountryTest.swift in Sources */,
				B42A45B32C3FD0C000433683 /* ExploreViewTest.swift in Sources */,
				B42A44F72C3D22DE00433683 /* FirebaseManagerTest.swift in Sources */,
				B42A450F2C3EC65000433683 /* AuthModelTest.swift in Sources */,
				B42A45B12C3FCEFE00433683 /* PriceChartViewTest.swift in Sources */,
				B42A45AD2C3F1C1E00433683 /* ListingDetailViewTest.swift in Sources */,
				B42A44F52C3D17B100433683 /* HomeViewModelTest.swift in Sources */,
			);
			runOnlyForDeploymentPostprocessing = 0;
		};
		B42A45142C3ED4E100433683 /* Sources */ = {
			isa = PBXSourcesBuildPhase;
			buildActionMask = 2147483647;
			files = (
				B42A45C32C401C2E00433683 /* SignInViewUITest.swift in Sources */,
				B4D2B56D2C450BCA00CE061E /* FavoritesUITest.swift in Sources */,
				B42A45BB2C400CAB00433683 /* ListingImageCarouseViewUITest.swift in Sources */,
				B42A45C12C40162200433683 /* ListingItemViewUITest.swift in Sources */,
				B42A45C52C40211300433683 /* ProfileViewUITest.swift in Sources */,
				B42A45BF2C40107900433683 /* LoadingViewUITest.swift in Sources */,
				B42A45B92C3FDCE300433683 /* SearchInputSearchUITest.swift in Sources */,
				B42A45A52C3EDE2600433683 /* HomeViewUITest.swift in Sources */,
			);
			runOnlyForDeploymentPostprocessing = 0;
		};
		FFDCD3342C1F554300E2142A /* Sources */ = {
			isa = PBXSourcesBuildPhase;
			buildActionMask = 2147483647;
			files = (
				FFDCD3702C20261F00E2142A /* ContainerView.swift in Sources */,
				FF932EF42C20D92300613637 /* WelcomeView1.swift in Sources */,
				FF92C1C42C27335400D2CA45 /* ListingImageCarouseView.swift in Sources */,
				6C39E15D2C227C9300B83BBD /* SignupView.swift in Sources */,
				B4F722942C2D72E700D40AAB /* CalendarView.swift in Sources */,
				B4F722982C2D924B00D40AAB /* FilterView.swift in Sources */,
				B42A44F32C3C81F500433683 /* ErrorView.swift in Sources */,
				6C39E1542C226D4800B83BBD /* SigninView.swift in Sources */,
				6CAB274D2C2A504E00122C3E /* ProfileView.swift in Sources */,
				FF7AAFC42C21C9580080E20F /* WelcomeView2.swift in Sources */,
				6CC6B4CC2C237BD400B34008 /* Utilities.swift in Sources */,
				B4572E9E2C33F79000324B4F /* CityDetails.swift in Sources */,
				B41A9F642C2B6D7D00C8F1E3 /* ListingDetailView.swift in Sources */,
				B4F7229E2C2DA67100D40AAB /* AddFilterView.swift in Sources */,
				B41A9F742C2B6EBE00C8F1E3 /* ExploreView.swift in Sources */,
				B482FAAE2C2B823E00D6A0E2 /* HomeView.swift in Sources */,
				FF8ABCE92C22C3D100E57A80 /* SplashScreenView.swift in Sources */,
				B41A9F6E2C2B6E5E00C8F1E3 /* SearchAndFilterBar.swift in Sources */,
				FF620E052C2ACF90006371DF /* ListingItemView.swift in Sources */,
				B482FAB22C2C0A4900D6A0E2 /* CardViewSmall.swift in Sources */,
				FF620E032C2ACF86006371DF /* ExploreDetailService.swift in Sources */,
				6CAB27472C2A319900122C3E /* ProfileViewModel.swift in Sources */,
				B4572E9C2C33E23800324B4F /* ListingFavoriteView.swift in Sources */,
				6C39E1582C2273E500B83BBD /* AuthModel.swift in Sources */,
				B482FAB62C2C14AC00D6A0E2 /* HomeViewModel.swift in Sources */,
				FF620DFF2C2ACF7B006371DF /* ShimmeringViewDetail.swift in Sources */,
				B41A9F702C2B6E8B00C8F1E3 /* LoadingView.swift in Sources */,
				B42A44DE2C36822A00433683 /* WeatherService.swift in Sources */,
				B41A9F782C2B6F2300C8F1E3 /* ExploreViewModel.swift in Sources */,
				FFDCD33C2C1F554300E2142A /* WhoolidayApp.swift in Sources */,
				B43E786E2C2EA4F5009D5233 /* BookingSymbols.swift in Sources */,
				B482FAB02C2B8B1400D6A0E2 /* CardViewBig.swift in Sources */,
				B4572EA22C3492EA00324B4F /* FilterModel.swift in Sources */,
				B42A45C72C40370D00433683 /* FavoritesView.swift in Sources */,
				B41A9F622C2B6D4400C8F1E3 /* Listing.swift in Sources */,
				6CAB274B2C2A38C000122C3E /* Currency.swift in Sources */,
				B4572E942C3188E000324B4F /* FirebaseManager.swift in Sources */,
				FF620E0F2C2ACFBC006371DF /* PriceChartView.swift in Sources */,
				6C95A52C2C2480E00098ECAC /* FavoritesModel.swift in Sources */,
				6C95A52E2C248BEA0098ECAC /* Favorites.swift in Sources */,
				6CAB27492C2A381300122C3E /* Country.swift in Sources */,
				6C39E1602C227E8D00B83BBD /* User.swift in Sources */,
				B41A9F6C2C2B6E3E00C8F1E3 /* ExploreService.swift in Sources */,
				6CAB273E2C29BCDC00122C3E /* ShimmeringView.swift in Sources */,
				B41A9F6A2C2B6E0F00C8F1E3 /* MockExploreService.swift in Sources */,
				B41A9F682C2B6DB600C8F1E3 /* CompactListingView.swift in Sources */,
				B41A9F722C2B6EA700C8F1E3 /* DestinationSearchView.swift in Sources */,
			);
			runOnlyForDeploymentPostprocessing = 0;
		};
/* End PBXSourcesBuildPhase section */

/* Begin PBXTargetDependency section */
		B42A44E82C37EE9D00433683 /* PBXTargetDependency */ = {
			isa = PBXTargetDependency;
			target = FFDCD3372C1F554300E2142A /* Whooliday */;
			targetProxy = B42A44E72C37EE9D00433683 /* PBXContainerItemProxy */;
		};
		B42A451F2C3ED4E100433683 /* PBXTargetDependency */ = {
			isa = PBXTargetDependency;
			target = FFDCD3372C1F554300E2142A /* Whooliday */;
			targetProxy = B42A451E2C3ED4E100433683 /* PBXContainerItemProxy */;
		};
/* End PBXTargetDependency section */

/* Begin PBXVariantGroup section */
		B42A45002C3D77CE00433683 /* Localizable.strings */ = {
			isa = PBXVariantGroup;
			children = (
				B42A45012C3D77CE00433683 /* en */,
				B42A45032C3D780F00433683 /* it */,
				B42A45042C3DCC4900433683 /* fr */,
				B42A45052C3DCCCF00433683 /* es */,
				B42A45062C3DCD2900433683 /* de */,
				B42A45072C3DCD3900433683 /* zh-Hans */,
			);
			name = Localizable.strings;
			sourceTree = "<group>";
		};
/* End PBXVariantGroup section */

/* Begin XCBuildConfiguration section */
		B42A44E92C37EE9D00433683 /* Debug */ = {
			isa = XCBuildConfiguration;
			buildSettings = {
				BUNDLE_LOADER = "$(TEST_HOST)";
				CODE_SIGN_STYLE = Automatic;
				CURRENT_PROJECT_VERSION = 1;
				GENERATE_INFOPLIST_FILE = YES;
				MARKETING_VERSION = 1.0;
				PRODUCT_BUNDLE_IDENTIFIER = com.WhoolidayTests;
				PRODUCT_NAME = "$(TARGET_NAME)";
				SWIFT_EMIT_LOC_STRINGS = NO;
				SWIFT_VERSION = 5.0;
				TARGETED_DEVICE_FAMILY = "1,2";
				TEST_HOST = "$(BUILT_PRODUCTS_DIR)/Whooliday.app/$(BUNDLE_EXECUTABLE_FOLDER_PATH)/Whooliday";
			};
			name = Debug;
		};
		B42A44EA2C37EE9D00433683 /* Release */ = {
			isa = XCBuildConfiguration;
			buildSettings = {
				BUNDLE_LOADER = "$(TEST_HOST)";
				CODE_SIGN_STYLE = Automatic;
				CURRENT_PROJECT_VERSION = 1;
				GENERATE_INFOPLIST_FILE = YES;
				MARKETING_VERSION = 1.0;
				PRODUCT_BUNDLE_IDENTIFIER = com.WhoolidayTests;
				PRODUCT_NAME = "$(TARGET_NAME)";
				SWIFT_EMIT_LOC_STRINGS = NO;
				SWIFT_VERSION = 5.0;
				TARGETED_DEVICE_FAMILY = "1,2";
				TEST_HOST = "$(BUILT_PRODUCTS_DIR)/Whooliday.app/$(BUNDLE_EXECUTABLE_FOLDER_PATH)/Whooliday";
			};
			name = Release;
		};
		B42A45212C3ED4E100433683 /* Debug */ = {
			isa = XCBuildConfiguration;
			buildSettings = {
				CODE_SIGN_STYLE = Automatic;
				CURRENT_PROJECT_VERSION = 1;
				GENERATE_INFOPLIST_FILE = YES;
				MARKETING_VERSION = 1.0;
				PRODUCT_BUNDLE_IDENTIFIER = com.WhoolidayUITests;
				PRODUCT_NAME = "$(TARGET_NAME)";
				SWIFT_EMIT_LOC_STRINGS = NO;
				SWIFT_VERSION = 5.0;
				TARGETED_DEVICE_FAMILY = "1,2";
				TEST_TARGET_NAME = Whooliday;
			};
			name = Debug;
		};
		B42A45222C3ED4E100433683 /* Release */ = {
			isa = XCBuildConfiguration;
			buildSettings = {
				CODE_SIGN_STYLE = Automatic;
				CURRENT_PROJECT_VERSION = 1;
				GENERATE_INFOPLIST_FILE = YES;
				MARKETING_VERSION = 1.0;
				PRODUCT_BUNDLE_IDENTIFIER = com.WhoolidayUITests;
				PRODUCT_NAME = "$(TARGET_NAME)";
				SWIFT_EMIT_LOC_STRINGS = NO;
				SWIFT_VERSION = 5.0;
				TARGETED_DEVICE_FAMILY = "1,2";
				TEST_TARGET_NAME = Whooliday;
			};
			name = Release;
		};
		FFDCD35A2C1F554600E2142A /* Debug */ = {
			isa = XCBuildConfiguration;
			buildSettings = {
				ALWAYS_SEARCH_USER_PATHS = NO;
				ASSETCATALOG_COMPILER_GENERATE_SWIFT_ASSET_SYMBOL_EXTENSIONS = YES;
				CLANG_ANALYZER_LOCALIZABILITY_NONLOCALIZED = YES;
				CLANG_ANALYZER_NONNULL = YES;
				CLANG_ANALYZER_NUMBER_OBJECT_CONVERSION = YES_AGGRESSIVE;
				CLANG_CXX_LANGUAGE_STANDARD = "gnu++20";
				CLANG_ENABLE_MODULES = YES;
				CLANG_ENABLE_OBJC_ARC = YES;
				CLANG_ENABLE_OBJC_WEAK = YES;
				CLANG_WARN_BLOCK_CAPTURE_AUTORELEASING = YES;
				CLANG_WARN_BOOL_CONVERSION = YES;
				CLANG_WARN_COMMA = YES;
				CLANG_WARN_CONSTANT_CONVERSION = YES;
				CLANG_WARN_DEPRECATED_OBJC_IMPLEMENTATIONS = YES;
				CLANG_WARN_DIRECT_OBJC_ISA_USAGE = YES_ERROR;
				CLANG_WARN_DOCUMENTATION_COMMENTS = YES;
				CLANG_WARN_EMPTY_BODY = YES;
				CLANG_WARN_ENUM_CONVERSION = YES;
				CLANG_WARN_INFINITE_RECURSION = YES;
				CLANG_WARN_INT_CONVERSION = YES;
				CLANG_WARN_NON_LITERAL_NULL_CONVERSION = YES;
				CLANG_WARN_OBJC_IMPLICIT_RETAIN_SELF = YES;
				CLANG_WARN_OBJC_LITERAL_CONVERSION = YES;
				CLANG_WARN_OBJC_ROOT_CLASS = YES_ERROR;
				CLANG_WARN_QUOTED_INCLUDE_IN_FRAMEWORK_HEADER = YES;
				CLANG_WARN_RANGE_LOOP_ANALYSIS = YES;
				CLANG_WARN_STRICT_PROTOTYPES = YES;
				CLANG_WARN_SUSPICIOUS_MOVE = YES;
				CLANG_WARN_UNGUARDED_AVAILABILITY = YES_AGGRESSIVE;
				CLANG_WARN_UNREACHABLE_CODE = YES;
				CLANG_WARN__DUPLICATE_METHOD_MATCH = YES;
				COPY_PHASE_STRIP = NO;
				DEBUG_INFORMATION_FORMAT = dwarf;
				ENABLE_STRICT_OBJC_MSGSEND = YES;
				ENABLE_TESTABILITY = YES;
				ENABLE_USER_SCRIPT_SANDBOXING = YES;
				GCC_C_LANGUAGE_STANDARD = gnu17;
				GCC_DYNAMIC_NO_PIC = NO;
				GCC_NO_COMMON_BLOCKS = YES;
				GCC_OPTIMIZATION_LEVEL = 0;
				GCC_PREPROCESSOR_DEFINITIONS = (
					"DEBUG=1",
					"$(inherited)",
				);
				GCC_WARN_64_TO_32_BIT_CONVERSION = YES;
				GCC_WARN_ABOUT_RETURN_TYPE = YES_ERROR;
				GCC_WARN_UNDECLARED_SELECTOR = YES;
				GCC_WARN_UNINITIALIZED_AUTOS = YES_AGGRESSIVE;
				GCC_WARN_UNUSED_FUNCTION = YES;
				GCC_WARN_UNUSED_VARIABLE = YES;
				IPHONEOS_DEPLOYMENT_TARGET = 17.5;
				LOCALIZATION_PREFERS_STRING_CATALOGS = YES;
				MTL_ENABLE_DEBUG_INFO = INCLUDE_SOURCE;
				MTL_FAST_MATH = YES;
				ONLY_ACTIVE_ARCH = YES;
				SDKROOT = iphoneos;
				SWIFT_ACTIVE_COMPILATION_CONDITIONS = "DEBUG $(inherited)";
				SWIFT_OPTIMIZATION_LEVEL = "-Onone";
			};
			name = Debug;
		};
		FFDCD35B2C1F554600E2142A /* Release */ = {
			isa = XCBuildConfiguration;
			buildSettings = {
				ALWAYS_SEARCH_USER_PATHS = NO;
				ASSETCATALOG_COMPILER_GENERATE_SWIFT_ASSET_SYMBOL_EXTENSIONS = YES;
				CLANG_ANALYZER_LOCALIZABILITY_NONLOCALIZED = YES;
				CLANG_ANALYZER_NONNULL = YES;
				CLANG_ANALYZER_NUMBER_OBJECT_CONVERSION = YES_AGGRESSIVE;
				CLANG_CXX_LANGUAGE_STANDARD = "gnu++20";
				CLANG_ENABLE_MODULES = YES;
				CLANG_ENABLE_OBJC_ARC = YES;
				CLANG_ENABLE_OBJC_WEAK = YES;
				CLANG_WARN_BLOCK_CAPTURE_AUTORELEASING = YES;
				CLANG_WARN_BOOL_CONVERSION = YES;
				CLANG_WARN_COMMA = YES;
				CLANG_WARN_CONSTANT_CONVERSION = YES;
				CLANG_WARN_DEPRECATED_OBJC_IMPLEMENTATIONS = YES;
				CLANG_WARN_DIRECT_OBJC_ISA_USAGE = YES_ERROR;
				CLANG_WARN_DOCUMENTATION_COMMENTS = YES;
				CLANG_WARN_EMPTY_BODY = YES;
				CLANG_WARN_ENUM_CONVERSION = YES;
				CLANG_WARN_INFINITE_RECURSION = YES;
				CLANG_WARN_INT_CONVERSION = YES;
				CLANG_WARN_NON_LITERAL_NULL_CONVERSION = YES;
				CLANG_WARN_OBJC_IMPLICIT_RETAIN_SELF = YES;
				CLANG_WARN_OBJC_LITERAL_CONVERSION = YES;
				CLANG_WARN_OBJC_ROOT_CLASS = YES_ERROR;
				CLANG_WARN_QUOTED_INCLUDE_IN_FRAMEWORK_HEADER = YES;
				CLANG_WARN_RANGE_LOOP_ANALYSIS = YES;
				CLANG_WARN_STRICT_PROTOTYPES = YES;
				CLANG_WARN_SUSPICIOUS_MOVE = YES;
				CLANG_WARN_UNGUARDED_AVAILABILITY = YES_AGGRESSIVE;
				CLANG_WARN_UNREACHABLE_CODE = YES;
				CLANG_WARN__DUPLICATE_METHOD_MATCH = YES;
				COPY_PHASE_STRIP = NO;
				DEBUG_INFORMATION_FORMAT = "dwarf-with-dsym";
				ENABLE_NS_ASSERTIONS = NO;
				ENABLE_STRICT_OBJC_MSGSEND = YES;
				ENABLE_USER_SCRIPT_SANDBOXING = YES;
				GCC_C_LANGUAGE_STANDARD = gnu17;
				GCC_NO_COMMON_BLOCKS = YES;
				GCC_WARN_64_TO_32_BIT_CONVERSION = YES;
				GCC_WARN_ABOUT_RETURN_TYPE = YES_ERROR;
				GCC_WARN_UNDECLARED_SELECTOR = YES;
				GCC_WARN_UNINITIALIZED_AUTOS = YES_AGGRESSIVE;
				GCC_WARN_UNUSED_FUNCTION = YES;
				GCC_WARN_UNUSED_VARIABLE = YES;
				IPHONEOS_DEPLOYMENT_TARGET = 17.5;
				LOCALIZATION_PREFERS_STRING_CATALOGS = YES;
				MTL_ENABLE_DEBUG_INFO = NO;
				MTL_FAST_MATH = YES;
				SDKROOT = iphoneos;
				SWIFT_COMPILATION_MODE = wholemodule;
				VALIDATE_PRODUCT = YES;
			};
			name = Release;
		};
		FFDCD35D2C1F554600E2142A /* Debug */ = {
			isa = XCBuildConfiguration;
			buildSettings = {
				ASSETCATALOG_COMPILER_APPICON_NAME = AppIcon;
				ASSETCATALOG_COMPILER_GLOBAL_ACCENT_COLOR_NAME = AccentColor;
				CODE_SIGN_STYLE = Automatic;
				CURRENT_PROJECT_VERSION = 1;
				DEVELOPMENT_ASSET_PATHS = "\"Whooliday/Preview Content\"";
				DEVELOPMENT_TEAM = 8AE4V5DNMZ;
				ENABLE_PREVIEWS = YES;
				GENERATE_INFOPLIST_FILE = YES;
				INFOPLIST_FILE = Whooliday/Info.plist;
				INFOPLIST_KEY_UIApplicationSceneManifest_Generation = YES;
				INFOPLIST_KEY_UIApplicationSupportsIndirectInputEvents = YES;
				INFOPLIST_KEY_UILaunchScreen_Generation = YES;
				INFOPLIST_KEY_UILaunchStoryboardName = "Launch Screen.storyboard";
				INFOPLIST_KEY_UISupportedInterfaceOrientations_iPad = "UIInterfaceOrientationPortrait UIInterfaceOrientationPortraitUpsideDown UIInterfaceOrientationLandscapeLeft UIInterfaceOrientationLandscapeRight";
				INFOPLIST_KEY_UISupportedInterfaceOrientations_iPhone = "UIInterfaceOrientationPortrait UIInterfaceOrientationLandscapeLeft UIInterfaceOrientationLandscapeRight";
				LD_RUNPATH_SEARCH_PATHS = (
					"$(inherited)",
					"@executable_path/Frameworks",
				);
				MARKETING_VERSION = 1.0;
				PRODUCT_BUNDLE_IDENTIFIER = com.Whooliday;
				PRODUCT_NAME = "$(TARGET_NAME)";
				SWIFT_EMIT_LOC_STRINGS = YES;
				SWIFT_VERSION = 5.0;
				TARGETED_DEVICE_FAMILY = "1,2";
			};
			name = Debug;
		};
		FFDCD35E2C1F554600E2142A /* Release */ = {
			isa = XCBuildConfiguration;
			buildSettings = {
				ASSETCATALOG_COMPILER_APPICON_NAME = AppIcon;
				ASSETCATALOG_COMPILER_GLOBAL_ACCENT_COLOR_NAME = AccentColor;
				CODE_SIGN_STYLE = Automatic;
				CURRENT_PROJECT_VERSION = 1;
				DEVELOPMENT_ASSET_PATHS = "\"Whooliday/Preview Content\"";
				DEVELOPMENT_TEAM = 8AE4V5DNMZ;
				ENABLE_PREVIEWS = YES;
				GENERATE_INFOPLIST_FILE = YES;
				INFOPLIST_FILE = Whooliday/Info.plist;
				INFOPLIST_KEY_UIApplicationSceneManifest_Generation = YES;
				INFOPLIST_KEY_UIApplicationSupportsIndirectInputEvents = YES;
				INFOPLIST_KEY_UILaunchScreen_Generation = YES;
				INFOPLIST_KEY_UILaunchStoryboardName = "Launch Screen.storyboard";
				INFOPLIST_KEY_UISupportedInterfaceOrientations_iPad = "UIInterfaceOrientationPortrait UIInterfaceOrientationPortraitUpsideDown UIInterfaceOrientationLandscapeLeft UIInterfaceOrientationLandscapeRight";
				INFOPLIST_KEY_UISupportedInterfaceOrientations_iPhone = "UIInterfaceOrientationPortrait UIInterfaceOrientationLandscapeLeft UIInterfaceOrientationLandscapeRight";
				LD_RUNPATH_SEARCH_PATHS = (
					"$(inherited)",
					"@executable_path/Frameworks",
				);
				MARKETING_VERSION = 1.0;
				PRODUCT_BUNDLE_IDENTIFIER = com.Whooliday;
				PRODUCT_NAME = "$(TARGET_NAME)";
				SWIFT_EMIT_LOC_STRINGS = YES;
				SWIFT_VERSION = 5.0;
				TARGETED_DEVICE_FAMILY = "1,2";
			};
			name = Release;
		};
/* End XCBuildConfiguration section */

/* Begin XCConfigurationList section */
		B42A44EB2C37EE9D00433683 /* Build configuration list for PBXNativeTarget "WhoolidayTests" */ = {
			isa = XCConfigurationList;
			buildConfigurations = (
				B42A44E92C37EE9D00433683 /* Debug */,
				B42A44EA2C37EE9D00433683 /* Release */,
			);
			defaultConfigurationIsVisible = 0;
			defaultConfigurationName = Release;
		};
		B42A45202C3ED4E100433683 /* Build configuration list for PBXNativeTarget "WhoolidayUITests" */ = {
			isa = XCConfigurationList;
			buildConfigurations = (
				B42A45212C3ED4E100433683 /* Debug */,
				B42A45222C3ED4E100433683 /* Release */,
			);
			defaultConfigurationIsVisible = 0;
			defaultConfigurationName = Release;
		};
		FFDCD3332C1F554300E2142A /* Build configuration list for PBXProject "Whooliday" */ = {
			isa = XCConfigurationList;
			buildConfigurations = (
				FFDCD35A2C1F554600E2142A /* Debug */,
				FFDCD35B2C1F554600E2142A /* Release */,
			);
			defaultConfigurationIsVisible = 0;
			defaultConfigurationName = Release;
		};
		FFDCD35C2C1F554600E2142A /* Build configuration list for PBXNativeTarget "Whooliday" */ = {
			isa = XCConfigurationList;
			buildConfigurations = (
				FFDCD35D2C1F554600E2142A /* Debug */,
				FFDCD35E2C1F554600E2142A /* Release */,
			);
			defaultConfigurationIsVisible = 0;
			defaultConfigurationName = Release;
		};
/* End XCConfigurationList section */

/* Begin XCRemoteSwiftPackageReference section */
		6C39E1492C226B3400B83BBD /* XCRemoteSwiftPackageReference "firebase-ios-sdk" */ = {
			isa = XCRemoteSwiftPackageReference;
			repositoryURL = "https://github.com/firebase/firebase-ios-sdk";
			requirement = {
				kind = upToNextMajorVersion;
				minimumVersion = 10.28.0;
			};
		};
		6CC6B4C32C23709500B34008 /* XCRemoteSwiftPackageReference "GoogleSignIn-iOS" */ = {
			isa = XCRemoteSwiftPackageReference;
			repositoryURL = "https://github.com/google/GoogleSignIn-iOS.git";
			requirement = {
				kind = upToNextMajorVersion;
				minimumVersion = 7.1.0;
			};
		};
		FF082CFB2C206B8400055F9A /* XCRemoteSwiftPackageReference "rive-ios" */ = {
			isa = XCRemoteSwiftPackageReference;
			repositoryURL = "https://github.com/rive-app/rive-ios";
			requirement = {
				kind = upToNextMajorVersion;
				minimumVersion = 5.13.2;
			};
		};
		FF620E1E2C2B029F006371DF /* XCRemoteSwiftPackageReference "ChartView" */ = {
			isa = XCRemoteSwiftPackageReference;
			repositoryURL = "https://github.com/AppPear/ChartView";
			requirement = {
				kind = upToNextMajorVersion;
				minimumVersion = 1.5.5;
			};
		};
		FF7AAFC52C21CF7C0080E20F /* XCRemoteSwiftPackageReference "lottie-ios" */ = {
			isa = XCRemoteSwiftPackageReference;
			repositoryURL = "https://github.com/airbnb/lottie-ios.git";
			requirement = {
				branch = master;
				kind = branch;
			};
		};
/* End XCRemoteSwiftPackageReference section */

/* Begin XCSwiftPackageProductDependency section */
		6C39E14A2C226B3400B83BBD /* FirebaseAuth */ = {
			isa = XCSwiftPackageProductDependency;
			package = 6C39E1492C226B3400B83BBD /* XCRemoteSwiftPackageReference "firebase-ios-sdk" */;
			productName = FirebaseAuth;
		};
		6C39E14C2C226B3400B83BBD /* FirebaseFirestore */ = {
			isa = XCSwiftPackageProductDependency;
			package = 6C39E1492C226B3400B83BBD /* XCRemoteSwiftPackageReference "firebase-ios-sdk" */;
			productName = FirebaseFirestore;
		};
		6C39E14E2C226B3400B83BBD /* FirebaseFirestoreSwift */ = {
			isa = XCSwiftPackageProductDependency;
			package = 6C39E1492C226B3400B83BBD /* XCRemoteSwiftPackageReference "firebase-ios-sdk" */;
			productName = FirebaseFirestoreSwift;
		};
		6C39E1502C226B3400B83BBD /* FirebaseStorage */ = {
			isa = XCSwiftPackageProductDependency;
			package = 6C39E1492C226B3400B83BBD /* XCRemoteSwiftPackageReference "firebase-ios-sdk" */;
			productName = FirebaseStorage;
		};
		6CC6B4C42C23709600B34008 /* GoogleSignIn */ = {
			isa = XCSwiftPackageProductDependency;
			package = 6CC6B4C32C23709500B34008 /* XCRemoteSwiftPackageReference "GoogleSignIn-iOS" */;
			productName = GoogleSignIn;
		};
		6CC6B4C62C23709600B34008 /* GoogleSignInSwift */ = {
			isa = XCSwiftPackageProductDependency;
			package = 6CC6B4C32C23709500B34008 /* XCRemoteSwiftPackageReference "GoogleSignIn-iOS" */;
			productName = GoogleSignInSwift;
		};
		B42A45642C3EDD6300433683 /* RiveRuntime */ = {
			isa = XCSwiftPackageProductDependency;
			package = FF082CFB2C206B8400055F9A /* XCRemoteSwiftPackageReference "rive-ios" */;
			productName = RiveRuntime;
		};
		B42A45662C3EDD6300433683 /* Lottie */ = {
			isa = XCSwiftPackageProductDependency;
			package = FF7AAFC52C21CF7C0080E20F /* XCRemoteSwiftPackageReference "lottie-ios" */;
			productName = Lottie;
		};
		B42A45682C3EDD6300433683 /* FirebaseAnalytics */ = {
			isa = XCSwiftPackageProductDependency;
			package = 6C39E1492C226B3400B83BBD /* XCRemoteSwiftPackageReference "firebase-ios-sdk" */;
			productName = FirebaseAnalytics;
		};
		B42A456A2C3EDD6300433683 /* FirebaseAnalyticsOnDeviceConversion */ = {
			isa = XCSwiftPackageProductDependency;
			package = 6C39E1492C226B3400B83BBD /* XCRemoteSwiftPackageReference "firebase-ios-sdk" */;
			productName = FirebaseAnalyticsOnDeviceConversion;
		};
		B42A456C2C3EDD6300433683 /* FirebaseAnalyticsSwift */ = {
			isa = XCSwiftPackageProductDependency;
			package = 6C39E1492C226B3400B83BBD /* XCRemoteSwiftPackageReference "firebase-ios-sdk" */;
			productName = FirebaseAnalyticsSwift;
		};
		B42A456E2C3EDD6300433683 /* FirebaseAnalyticsWithoutAdIdSupport */ = {
			isa = XCSwiftPackageProductDependency;
			package = 6C39E1492C226B3400B83BBD /* XCRemoteSwiftPackageReference "firebase-ios-sdk" */;
			productName = FirebaseAnalyticsWithoutAdIdSupport;
		};
		B42A45702C3EDD6300433683 /* FirebaseAppCheck */ = {
			isa = XCSwiftPackageProductDependency;
			package = 6C39E1492C226B3400B83BBD /* XCRemoteSwiftPackageReference "firebase-ios-sdk" */;
			productName = FirebaseAppCheck;
		};
		B42A45722C3EDD6300433683 /* FirebaseAppDistribution-Beta */ = {
			isa = XCSwiftPackageProductDependency;
			package = 6C39E1492C226B3400B83BBD /* XCRemoteSwiftPackageReference "firebase-ios-sdk" */;
			productName = "FirebaseAppDistribution-Beta";
		};
		B42A45742C3EDD6300433683 /* FirebaseAuth */ = {
			isa = XCSwiftPackageProductDependency;
			package = 6C39E1492C226B3400B83BBD /* XCRemoteSwiftPackageReference "firebase-ios-sdk" */;
			productName = FirebaseAuth;
		};
		B42A45762C3EDD6300433683 /* FirebaseAuthCombine-Community */ = {
			isa = XCSwiftPackageProductDependency;
			package = 6C39E1492C226B3400B83BBD /* XCRemoteSwiftPackageReference "firebase-ios-sdk" */;
			productName = "FirebaseAuthCombine-Community";
		};
		B42A45782C3EDD6300433683 /* FirebaseCrashlytics */ = {
			isa = XCSwiftPackageProductDependency;
			package = 6C39E1492C226B3400B83BBD /* XCRemoteSwiftPackageReference "firebase-ios-sdk" */;
			productName = FirebaseCrashlytics;
		};
		B42A457A2C3EDD6300433683 /* FirebaseDatabase */ = {
			isa = XCSwiftPackageProductDependency;
			package = 6C39E1492C226B3400B83BBD /* XCRemoteSwiftPackageReference "firebase-ios-sdk" */;
			productName = FirebaseDatabase;
		};
		B42A457C2C3EDD6300433683 /* FirebaseDatabaseSwift */ = {
			isa = XCSwiftPackageProductDependency;
			package = 6C39E1492C226B3400B83BBD /* XCRemoteSwiftPackageReference "firebase-ios-sdk" */;
			productName = FirebaseDatabaseSwift;
		};
		B42A457E2C3EDD6300433683 /* FirebaseDynamicLinks */ = {
			isa = XCSwiftPackageProductDependency;
			package = 6C39E1492C226B3400B83BBD /* XCRemoteSwiftPackageReference "firebase-ios-sdk" */;
			productName = FirebaseDynamicLinks;
		};
		B42A45802C3EDD6300433683 /* FirebaseFirestore */ = {
			isa = XCSwiftPackageProductDependency;
			package = 6C39E1492C226B3400B83BBD /* XCRemoteSwiftPackageReference "firebase-ios-sdk" */;
			productName = FirebaseFirestore;
		};
		B42A45822C3EDD6300433683 /* FirebaseFirestoreCombine-Community */ = {
			isa = XCSwiftPackageProductDependency;
			package = 6C39E1492C226B3400B83BBD /* XCRemoteSwiftPackageReference "firebase-ios-sdk" */;
			productName = "FirebaseFirestoreCombine-Community";
		};
		B42A45842C3EDD6300433683 /* FirebaseFirestoreSwift */ = {
			isa = XCSwiftPackageProductDependency;
			package = 6C39E1492C226B3400B83BBD /* XCRemoteSwiftPackageReference "firebase-ios-sdk" */;
			productName = FirebaseFirestoreSwift;
		};
		B42A45862C3EDD6300433683 /* FirebaseFunctions */ = {
			isa = XCSwiftPackageProductDependency;
			package = 6C39E1492C226B3400B83BBD /* XCRemoteSwiftPackageReference "firebase-ios-sdk" */;
			productName = FirebaseFunctions;
		};
		B42A45882C3EDD6300433683 /* FirebaseFunctionsCombine-Community */ = {
			isa = XCSwiftPackageProductDependency;
			package = 6C39E1492C226B3400B83BBD /* XCRemoteSwiftPackageReference "firebase-ios-sdk" */;
			productName = "FirebaseFunctionsCombine-Community";
		};
		B42A458A2C3EDD6300433683 /* FirebaseInAppMessaging-Beta */ = {
			isa = XCSwiftPackageProductDependency;
			package = 6C39E1492C226B3400B83BBD /* XCRemoteSwiftPackageReference "firebase-ios-sdk" */;
			productName = "FirebaseInAppMessaging-Beta";
		};
		B42A458C2C3EDD6300433683 /* FirebaseInAppMessagingSwift-Beta */ = {
			isa = XCSwiftPackageProductDependency;
			package = 6C39E1492C226B3400B83BBD /* XCRemoteSwiftPackageReference "firebase-ios-sdk" */;
			productName = "FirebaseInAppMessagingSwift-Beta";
		};
		B42A458E2C3EDD6300433683 /* FirebaseInstallations */ = {
			isa = XCSwiftPackageProductDependency;
			package = 6C39E1492C226B3400B83BBD /* XCRemoteSwiftPackageReference "firebase-ios-sdk" */;
			productName = FirebaseInstallations;
		};
		B42A45902C3EDD6300433683 /* FirebaseMessaging */ = {
			isa = XCSwiftPackageProductDependency;
			package = 6C39E1492C226B3400B83BBD /* XCRemoteSwiftPackageReference "firebase-ios-sdk" */;
			productName = FirebaseMessaging;
		};
		B42A45922C3EDD6300433683 /* FirebaseMLModelDownloader */ = {
			isa = XCSwiftPackageProductDependency;
			package = 6C39E1492C226B3400B83BBD /* XCRemoteSwiftPackageReference "firebase-ios-sdk" */;
			productName = FirebaseMLModelDownloader;
		};
		B42A45942C3EDD6300433683 /* FirebasePerformance */ = {
			isa = XCSwiftPackageProductDependency;
			package = 6C39E1492C226B3400B83BBD /* XCRemoteSwiftPackageReference "firebase-ios-sdk" */;
			productName = FirebasePerformance;
		};
		B42A45962C3EDD6300433683 /* FirebaseRemoteConfig */ = {
			isa = XCSwiftPackageProductDependency;
			package = 6C39E1492C226B3400B83BBD /* XCRemoteSwiftPackageReference "firebase-ios-sdk" */;
			productName = FirebaseRemoteConfig;
		};
		B42A45982C3EDD6300433683 /* FirebaseRemoteConfigSwift */ = {
			isa = XCSwiftPackageProductDependency;
			package = 6C39E1492C226B3400B83BBD /* XCRemoteSwiftPackageReference "firebase-ios-sdk" */;
			productName = FirebaseRemoteConfigSwift;
		};
		B42A459A2C3EDD6300433683 /* FirebaseStorage */ = {
			isa = XCSwiftPackageProductDependency;
			package = 6C39E1492C226B3400B83BBD /* XCRemoteSwiftPackageReference "firebase-ios-sdk" */;
			productName = FirebaseStorage;
		};
		B42A459C2C3EDD6300433683 /* FirebaseStorageCombine-Community */ = {
			isa = XCSwiftPackageProductDependency;
			package = 6C39E1492C226B3400B83BBD /* XCRemoteSwiftPackageReference "firebase-ios-sdk" */;
			productName = "FirebaseStorageCombine-Community";
		};
		B42A459E2C3EDD6300433683 /* FirebaseVertexAI-Preview */ = {
			isa = XCSwiftPackageProductDependency;
			package = 6C39E1492C226B3400B83BBD /* XCRemoteSwiftPackageReference "firebase-ios-sdk" */;
			productName = "FirebaseVertexAI-Preview";
		};
		B42A45A02C3EDD6300433683 /* GoogleSignIn */ = {
			isa = XCSwiftPackageProductDependency;
			package = 6CC6B4C32C23709500B34008 /* XCRemoteSwiftPackageReference "GoogleSignIn-iOS" */;
			productName = GoogleSignIn;
		};
		B42A45A22C3EDD6300433683 /* GoogleSignInSwift */ = {
			isa = XCSwiftPackageProductDependency;
			package = 6CC6B4C32C23709500B34008 /* XCRemoteSwiftPackageReference "GoogleSignIn-iOS" */;
			productName = GoogleSignInSwift;
		};
		FF082CFC2C206D1D00055F9A /* RiveRuntime */ = {
			isa = XCSwiftPackageProductDependency;
			package = FF082CFB2C206B8400055F9A /* XCRemoteSwiftPackageReference "rive-ios" */;
			productName = RiveRuntime;
		};
		FF620E1F2C2B02A0006371DF /* SwiftUICharts */ = {
			isa = XCSwiftPackageProductDependency;
			package = FF620E1E2C2B029F006371DF /* XCRemoteSwiftPackageReference "ChartView" */;
			productName = SwiftUICharts;
		};
		FF7AAFC62C21CF7C0080E20F /* Lottie */ = {
			isa = XCSwiftPackageProductDependency;
			package = FF7AAFC52C21CF7C0080E20F /* XCRemoteSwiftPackageReference "lottie-ios" */;
			productName = Lottie;
		};
/* End XCSwiftPackageProductDependency section */
	};
	rootObject = FFDCD3302C1F554300E2142A /* Project object */;
}
