{
  "originHash" : "d97e6b962ba5af568b6201ac9b15a54411934c084daae735d97912eca35dd25b",
  "pins" : [
    {
      "identity" : "lottie-ios",
      "kind" : "remoteSourceControl",
      "location" : "https://github.com/airbnb/lottie-ios.git",
      "state" : {
        "branch" : "master",
        "revision" : "fca6f334516eb12b070ccd8964471d770a4ebbc9"
      }
    },
    {
      "identity" : "rive-ios",
      "kind" : "remoteSourceControl",
      "location" : "https://github.com/rive-app/rive-ios",
      "state" : {
        "revision" : "800afbdfdbc1900ac8b0430eb48fa5eda0bedc58",
        "version" : "5.13.2"
      }
    }
  ],
  "version" : 3
}
